// !$*UTF8*$!
{
	archiveVersion = 1;
	classes = {
	};
	objectVersion = 46;
	objects = {

/* Begin PBXBuildFile section */
		EA442EFE1B6FDF5D0062E30C /* main.cpp in Sources */ = {isa = PBXBuildFile; fileRef = EA442EFD1B6FDF5D0062E30C /* main.cpp */; };
		EA442F061B6FDF7D0062E30C /* FileHelper.cpp in Sources */ = {isa = PBXBuildFile; fileRef = EA442F041B6FDF7D0062E30C /* FileHelper.cpp */; };
		EA442F081B6FE5530062E30C /* libboost_system.a in Frameworks */ = {isa = PBXBuildFile; fileRef = EA442F071B6FE5530062E30C /* libboost_system.a */; };
		EA442F0C1B6FE7D80062E30C /* libboost_filesystem.a in Frameworks */ = {isa = PBXBuildFile; fileRef = EA442F0B1B6FE7D80062E30C /* libboost_filesystem.a */; };
		EA6895241D9C09B900A26DD6 /* ODSocket6.cpp in Sources */ = {isa = PBXBuildFile; fileRef = EA6895221D9C09B900A26DD6 /* ODSocket6.cpp */; };
		EA6895271D9C09DF00A26DD6 /* SocketServer.cpp in Sources */ = {isa = PBXBuildFile; fileRef = EA6895251D9C09DF00A26DD6 /* SocketServer.cpp */; };
		EA68952A1D9C175100A26DD6 /* ODSocket.cpp in Sources */ = {isa = PBXBuildFile; fileRef = EA6895281D9C175100A26DD6 /* ODSocket.cpp */; };
		EA74D7E61DC84834005B2B66 /* GameGroupHelper.cpp in Sources */ = {isa = PBXBuildFile; fileRef = EA74D7E41DC84834005B2B66 /* GameGroupHelper.cpp */; };
		EA81717B1DD9E6FB00C4F87E /* GzipHelper.cpp in Sources */ = {isa = PBXBuildFile; fileRef = EA8171791DD9E6FB00C4F87E /* GzipHelper.cpp */; };
		EA81717D1DD9E8AB00C4F87E /* libboost_iostreams.a in Frameworks */ = {isa = PBXBuildFile; fileRef = EA81717C1DD9E8AB00C4F87E /* libboost_iostreams.a */; };
		EA88753F1C240B0900BFD5B0 /* RandomList.cpp in Sources */ = {isa = PBXBuildFile; fileRef = EA88753D1C240B0900BFD5B0 /* RandomList.cpp */; };
		EAA0CB011C1DBDA600877842 /* GXMD5.cpp in Sources */ = {isa = PBXBuildFile; fileRef = EAA0CAFF1C1DBDA600877842 /* GXMD5.cpp */; };
		EAAEC3421CDAF09300C93741 /* libX11.6.dylib in Frameworks */ = {isa = PBXBuildFile; fileRef = EAAEC3411CDAF09300C93741 /* libX11.6.dylib */; };
		EAAF866A1D0E83F7003F9E4C /* XMLHelper.cpp in Sources */ = {isa = PBXBuildFile; fileRef = EAAF86681D0E83F7003F9E4C /* XMLHelper.cpp */; };
		EAAF86721D0E8E18003F9E4C /* pugixml.cpp in Sources */ = {isa = PBXBuildFile; fileRef = EAAF86701D0E8E18003F9E4C /* pugixml.cpp */; };
		EAAF86761D0E8FBB003F9E4C /* Plist.cpp in Sources */ = {isa = PBXBuildFile; fileRef = EAAF86751D0E8FBB003F9E4C /* Plist.cpp */; };
		EAAF86781D0E8FD8003F9E4C /* PlistDate.cpp in Sources */ = {isa = PBXBuildFile; fileRef = EAAF86771D0E8FD8003F9E4C /* PlistDate.cpp */; };
		EABFC62D1C1ABD1B0048E278 /* GameVersionServer.cpp in Sources */ = {isa = PBXBuildFile; fileRef = EABFC62B1C1ABD1B0048E278 /* GameVersionServer.cpp */; };
		EABFC6301C1AC1480048E278 /* ZipDemo.cpp in Sources */ = {isa = PBXBuildFile; fileRef = EABFC62E1C1AC1480048E278 /* ZipDemo.cpp */; };
		EABFC6361C1AC86B0048E278 /* libz.1.2.5.tbd in Frameworks */ = {isa = PBXBuildFile; fileRef = EABFC6351C1AC86B0048E278 /* libz.1.2.5.tbd */; };
		EAC3DE821CD9853C00CC72AE /* CImgHelper.cpp in Sources */ = {isa = PBXBuildFile; fileRef = EAC3DE801CD9853C00CC72AE /* CImgHelper.cpp */; };
		EAC8E6BA1C16A8300047FD62 /* GamesVersionHelper.cpp in Sources */ = {isa = PBXBuildFile; fileRef = EAC8E6B81C16A8300047FD62 /* GamesVersionHelper.cpp */; };
		EAD542291DA8A1BE0021C194 /* CoinFrontTest.cpp in Sources */ = {isa = PBXBuildFile; fileRef = EAD542271DA8A1BE0021C194 /* CoinFrontTest.cpp */; };
/* End PBXBuildFile section */

/* Begin PBXCopyFilesBuildPhase section */
		EA442EF81B6FDF5D0062E30C /* CopyFiles */ = {
			isa = PBXCopyFilesBuildPhase;
			buildActionMask = 2147483647;
			dstPath = /usr/share/man/man1/;
			dstSubfolderSpec = 0;
			files = (
			);
			runOnlyForDeploymentPostprocessing = 1;
		};
/* End PBXCopyFilesBuildPhase section */

/* Begin PBXFileReference section */
		EA442EFA1B6FDF5D0062E30C /* MacHelper */ = {isa = PBXFileReference; explicitFileType = "compiled.mach-o.executable"; includeInIndex = 0; path = MacHelper; sourceTree = BUILT_PRODUCTS_DIR; };
		EA442EFD1B6FDF5D0062E30C /* main.cpp */ = {isa = PBXFileReference; lastKnownFileType = sourcecode.cpp.cpp; path = main.cpp; sourceTree = "<group>"; };
		EA442F041B6FDF7D0062E30C /* FileHelper.cpp */ = {isa = PBXFileReference; fileEncoding = 4; lastKnownFileType = sourcecode.cpp.cpp; path = FileHelper.cpp; sourceTree = "<group>"; };
		EA442F051B6FDF7D0062E30C /* FileHelper.h */ = {isa = PBXFileReference; fileEncoding = 4; lastKnownFileType = sourcecode.c.h; path = FileHelper.h; sourceTree = "<group>"; };
		EA442F071B6FE5530062E30C /* libboost_system.a */ = {isa = PBXFileReference; lastKnownFileType = archive.ar; name = libboost_system.a; path = ../../../../../../usr/local/lib/libboost_system.a; sourceTree = "<group>"; };
		EA442F0B1B6FE7D80062E30C /* libboost_filesystem.a */ = {isa = PBXFileReference; lastKnownFileType = archive.ar; name = libboost_filesystem.a; path = ../../../../../../usr/local/lib/libboost_filesystem.a; sourceTree = "<group>"; };
		EA6895221D9C09B900A26DD6 /* ODSocket6.cpp */ = {isa = PBXFileReference; fileEncoding = 4; lastKnownFileType = sourcecode.cpp.cpp; path = ODSocket6.cpp; sourceTree = "<group>"; };
		EA6895231D9C09B900A26DD6 /* ODSocket6.h */ = {isa = PBXFileReference; fileEncoding = 4; lastKnownFileType = sourcecode.c.h; path = ODSocket6.h; sourceTree = "<group>"; };
		EA6895251D9C09DF00A26DD6 /* SocketServer.cpp */ = {isa = PBXFileReference; fileEncoding = 4; lastKnownFileType = sourcecode.cpp.cpp; path = SocketServer.cpp; sourceTree = "<group>"; };
		EA6895261D9C09DF00A26DD6 /* SocketServer.h */ = {isa = PBXFileReference; fileEncoding = 4; lastKnownFileType = sourcecode.c.h; path = SocketServer.h; sourceTree = "<group>"; };
		EA6895281D9C175100A26DD6 /* ODSocket.cpp */ = {isa = PBXFileReference; fileEncoding = 4; lastKnownFileType = sourcecode.cpp.cpp; path = ODSocket.cpp; sourceTree = "<group>"; };
		EA6895291D9C175100A26DD6 /* ODSocket.h */ = {isa = PBXFileReference; fileEncoding = 4; lastKnownFileType = sourcecode.c.h; path = ODSocket.h; sourceTree = "<group>"; };
		EA74D7E41DC84834005B2B66 /* GameGroupHelper.cpp */ = {isa = PBXFileReference; fileEncoding = 4; lastKnownFileType = sourcecode.cpp.cpp; path = GameGroupHelper.cpp; sourceTree = "<group>"; };
		EA74D7E51DC84834005B2B66 /* GameGroupHelper.h */ = {isa = PBXFileReference; fileEncoding = 4; lastKnownFileType = sourcecode.c.h; path = GameGroupHelper.h; sourceTree = "<group>"; };
		EA8171791DD9E6FB00C4F87E /* GzipHelper.cpp */ = {isa = PBXFileReference; fileEncoding = 4; lastKnownFileType = sourcecode.cpp.cpp; path = GzipHelper.cpp; sourceTree = "<group>"; };
		EA81717A1DD9E6FB00C4F87E /* GzipHelper.h */ = {isa = PBXFileReference; fileEncoding = 4; lastKnownFileType = sourcecode.c.h; path = GzipHelper.h; sourceTree = "<group>"; };
		EA81717C1DD9E8AB00C4F87E /* libboost_iostreams.a */ = {isa = PBXFileReference; lastKnownFileType = archive.ar; name = libboost_iostreams.a; path = ../../../../../../usr/local/lib/libboost_iostreams.a; sourceTree = "<group>"; };
		EA88753D1C240B0900BFD5B0 /* RandomList.cpp */ = {isa = PBXFileReference; fileEncoding = 4; lastKnownFileType = sourcecode.cpp.cpp; path = RandomList.cpp; sourceTree = "<group>"; };
		EA88753E1C240B0900BFD5B0 /* RandomList.h */ = {isa = PBXFileReference; fileEncoding = 4; lastKnownFileType = sourcecode.c.h; path = RandomList.h; sourceTree = "<group>"; };
		EAA0CAFF1C1DBDA600877842 /* GXMD5.cpp */ = {isa = PBXFileReference; fileEncoding = 4; lastKnownFileType = sourcecode.cpp.cpp; path = GXMD5.cpp; sourceTree = "<group>"; };
		EAA0CB001C1DBDA600877842 /* GXMD5.h */ = {isa = PBXFileReference; fileEncoding = 4; lastKnownFileType = sourcecode.c.h; path = GXMD5.h; sourceTree = "<group>"; };
		EAAEC3411CDAF09300C93741 /* libX11.6.dylib */ = {isa = PBXFileReference; lastKnownFileType = "compiled.mach-o.dylib"; name = libX11.6.dylib; path = ../../../../../../opt/X11/lib/libX11.6.dylib; sourceTree = "<group>"; };
		EAAEC3441CDAF19F00C93741 /* resources */ = {isa = PBXFileReference; lastKnownFileType = folder; path = resources; sourceTree = "<group>"; };
		EAAEC3451CDB009D00C93741 /* libjpeg.dylib */ = {isa = PBXFileReference; lastKnownFileType = "compiled.mach-o.dylib"; name = libjpeg.dylib; path = ../../../../../../usr/local/lib/libjpeg.dylib; sourceTree = "<group>"; };
		EAAF86681D0E83F7003F9E4C /* XMLHelper.cpp */ = {isa = PBXFileReference; fileEncoding = 4; lastKnownFileType = sourcecode.cpp.cpp; name = XMLHelper.cpp; path = Tools/XMLHelper.cpp; sourceTree = "<group>"; };
		EAAF86691D0E83F7003F9E4C /* XMLHelper.h */ = {isa = PBXFileReference; fileEncoding = 4; lastKnownFileType = sourcecode.c.h; name = XMLHelper.h; path = Tools/XMLHelper.h; sourceTree = "<group>"; };
		EAAF866C1D0E8E18003F9E4C /* base64.hpp */ = {isa = PBXFileReference; fileEncoding = 4; lastKnownFileType = sourcecode.cpp.h; path = base64.hpp; sourceTree = "<group>"; };
		EAAF866D1D0E8E18003F9E4C /* Plist.hpp */ = {isa = PBXFileReference; fileEncoding = 4; lastKnownFileType = sourcecode.cpp.h; path = Plist.hpp; sourceTree = "<group>"; };
		EAAF866E1D0E8E18003F9E4C /* PlistDate.hpp */ = {isa = PBXFileReference; fileEncoding = 4; lastKnownFileType = sourcecode.cpp.h; path = PlistDate.hpp; sourceTree = "<group>"; };
		EAAF866F1D0E8E18003F9E4C /* pugiconfig.hpp */ = {isa = PBXFileReference; fileEncoding = 4; lastKnownFileType = sourcecode.cpp.h; path = pugiconfig.hpp; sourceTree = "<group>"; };
		EAAF86701D0E8E18003F9E4C /* pugixml.cpp */ = {isa = PBXFileReference; fileEncoding = 4; lastKnownFileType = sourcecode.cpp.cpp; path = pugixml.cpp; sourceTree = "<group>"; };
		EAAF86711D0E8E18003F9E4C /* pugixml.hpp */ = {isa = PBXFileReference; fileEncoding = 4; lastKnownFileType = sourcecode.cpp.h; path = pugixml.hpp; sourceTree = "<group>"; };
		EAAF86751D0E8FBB003F9E4C /* Plist.cpp */ = {isa = PBXFileReference; fileEncoding = 4; lastKnownFileType = sourcecode.cpp.cpp; path = Plist.cpp; sourceTree = "<group>"; };
		EAAF86771D0E8FD8003F9E4C /* PlistDate.cpp */ = {isa = PBXFileReference; fileEncoding = 4; lastKnownFileType = sourcecode.cpp.cpp; path = PlistDate.cpp; sourceTree = "<group>"; };
		EABFC62B1C1ABD1B0048E278 /* GameVersionServer.cpp */ = {isa = PBXFileReference; fileEncoding = 4; lastKnownFileType = sourcecode.cpp.cpp; path = GameVersionServer.cpp; sourceTree = "<group>"; };
		EABFC62C1C1ABD1B0048E278 /* GameVersionServer.h */ = {isa = PBXFileReference; fileEncoding = 4; lastKnownFileType = sourcecode.c.h; path = GameVersionServer.h; sourceTree = "<group>"; };
		EABFC62E1C1AC1480048E278 /* ZipDemo.cpp */ = {isa = PBXFileReference; fileEncoding = 4; lastKnownFileType = sourcecode.cpp.cpp; path = ZipDemo.cpp; sourceTree = "<group>"; };
		EABFC62F1C1AC1480048E278 /* ZipDemo.h */ = {isa = PBXFileReference; fileEncoding = 4; lastKnownFileType = sourcecode.c.h; path = ZipDemo.h; sourceTree = "<group>"; };
		EABFC6351C1AC86B0048E278 /* libz.1.2.5.tbd */ = {isa = PBXFileReference; lastKnownFileType = "sourcecode.text-based-dylib-definition"; name = libz.1.2.5.tbd; path = usr/lib/libz.1.2.5.tbd; sourceTree = SDKROOT; };
		EAC3DE801CD9853C00CC72AE /* CImgHelper.cpp */ = {isa = PBXFileReference; fileEncoding = 4; lastKnownFileType = sourcecode.cpp.cpp; path = CImgHelper.cpp; sourceTree = "<group>"; };
		EAC3DE811CD9853C00CC72AE /* CImgHelper.h */ = {isa = PBXFileReference; fileEncoding = 4; lastKnownFileType = sourcecode.c.h; path = CImgHelper.h; sourceTree = "<group>"; };
		EAC8E6B81C16A8300047FD62 /* GamesVersionHelper.cpp */ = {isa = PBXFileReference; fileEncoding = 4; lastKnownFileType = sourcecode.cpp.cpp; path = GamesVersionHelper.cpp; sourceTree = "<group>"; };
		EAC8E6B91C16A8300047FD62 /* GamesVersionHelper.h */ = {isa = PBXFileReference; fileEncoding = 4; lastKnownFileType = sourcecode.c.h; path = GamesVersionHelper.h; sourceTree = "<group>"; };
		EAD542271DA8A1BE0021C194 /* CoinFrontTest.cpp */ = {isa = PBXFileReference; fileEncoding = 4; lastKnownFileType = sourcecode.cpp.cpp; path = CoinFrontTest.cpp; sourceTree = "<group>"; };
		EAD542281DA8A1BE0021C194 /* CoinFrontTest.h */ = {isa = PBXFileReference; fileEncoding = 4; lastKnownFileType = sourcecode.c.h; path = CoinFrontTest.h; sourceTree = "<group>"; };
/* End PBXFileReference section */

/* Begin PBXFrameworksBuildPhase section */
		EA442EF71B6FDF5D0062E30C /* Frameworks */ = {
			isa = PBXFrameworksBuildPhase;
			buildActionMask = 2147483647;
			files = (
				EABFC6361C1AC86B0048E278 /* libz.1.2.5.tbd in Frameworks */,
				EA442F0C1B6FE7D80062E30C /* libboost_filesystem.a in Frameworks */,
				EA442F081B6FE5530062E30C /* libboost_system.a in Frameworks */,
				EAAEC3421CDAF09300C93741 /* libX11.6.dylib in Frameworks */,
				EA81717D1DD9E8AB00C4F87E /* libboost_iostreams.a in Frameworks */,
			);
			runOnlyForDeploymentPostprocessing = 0;
		};
/* End PBXFrameworksBuildPhase section */

/* Begin PBXGroup section */
		EA442EF11B6FDF5D0062E30C = {
			isa = PBXGroup;
			children = (
				EAAEC3451CDB009D00C93741 /* libjpeg.dylib */,
				EAAEC3411CDAF09300C93741 /* libX11.6.dylib */,
				EABFC6351C1AC86B0048E278 /* libz.1.2.5.tbd */,
				EA442F0B1B6FE7D80062E30C /* libboost_filesystem.a */,
				EA81717C1DD9E8AB00C4F87E /* libboost_iostreams.a */,
				EA442F071B6FE5530062E30C /* libboost_system.a */,
				EAAEC3441CDAF19F00C93741 /* resources */,
				EA442EFC1B6FDF5D0062E30C /* MacHelper */,
				EA442EFB1B6FDF5D0062E30C /* Products */,
			);
			sourceTree = "<group>";
		};
		EA442EFB1B6FDF5D0062E30C /* Products */ = {
			isa = PBXGroup;
			children = (
				EA442EFA1B6FDF5D0062E30C /* MacHelper */,
			);
			name = Products;
			sourceTree = "<group>";
		};
		EA442EFC1B6FDF5D0062E30C /* MacHelper */ = {
			isa = PBXGroup;
			children = (
				EA74D7E01DC846E3005B2B66 /* file */,
				EA6895211D9C09B900A26DD6 /* net */,
				EAAF866B1D0E8E18003F9E4C /* src */,
				EAC3DE7F1CD9853C00CC72AE /* CImg */,
				EA7E8C7C1C247101004853F1 /* Tools */,
				EAA0CAFF1C1DBDA600877842 /* GXMD5.cpp */,
				EAA0CB001C1DBDA600877842 /* GXMD5.h */,
				EA442EFD1B6FDF5D0062E30C /* main.cpp */,
				EA442F041B6FDF7D0062E30C /* FileHelper.cpp */,
				EA442F051B6FDF7D0062E30C /* FileHelper.h */,
				EAC8E6B81C16A8300047FD62 /* GamesVersionHelper.cpp */,
				EAC8E6B91C16A8300047FD62 /* GamesVersionHelper.h */,
				EABFC62B1C1ABD1B0048E278 /* GameVersionServer.cpp */,
				EABFC62C1C1ABD1B0048E278 /* GameVersionServer.h */,
				EABFC62E1C1AC1480048E278 /* ZipDemo.cpp */,
				EABFC62F1C1AC1480048E278 /* ZipDemo.h */,
				EA88753D1C240B0900BFD5B0 /* RandomList.cpp */,
				EA88753E1C240B0900BFD5B0 /* RandomList.h */,
				EAD542271DA8A1BE0021C194 /* CoinFrontTest.cpp */,
				EAD542281DA8A1BE0021C194 /* CoinFrontTest.h */,
			);
			path = MacHelper;
			sourceTree = "<group>";
		};
		EA6895211D9C09B900A26DD6 /* net */ = {
			isa = PBXGroup;
			children = (
				EA6895281D9C175100A26DD6 /* ODSocket.cpp */,
				EA6895291D9C175100A26DD6 /* ODSocket.h */,
				EA6895221D9C09B900A26DD6 /* ODSocket6.cpp */,
				EA6895231D9C09B900A26DD6 /* ODSocket6.h */,
				EA6895251D9C09DF00A26DD6 /* SocketServer.cpp */,
				EA6895261D9C09DF00A26DD6 /* SocketServer.h */,
			);
			path = net;
			sourceTree = "<group>";
		};
		EA74D7E01DC846E3005B2B66 /* file */ = {
			isa = PBXGroup;
			children = (
				EA74D7E41DC84834005B2B66 /* GameGroupHelper.cpp */,
				EA74D7E51DC84834005B2B66 /* GameGroupHelper.h */,
				EA8171791DD9E6FB00C4F87E /* GzipHelper.cpp */,
				EA81717A1DD9E6FB00C4F87E /* GzipHelper.h */,
			);
			path = file;
			sourceTree = "<group>";
		};
		EA7E8C7C1C247101004853F1 /* Tools */ = {
			isa = PBXGroup;
			children = (
				EAAF86681D0E83F7003F9E4C /* XMLHelper.cpp */,
				EAAF86691D0E83F7003F9E4C /* XMLHelper.h */,
			);
			name = Tools;
			sourceTree = "<group>";
		};
		EAAF866B1D0E8E18003F9E4C /* src */ = {
			isa = PBXGroup;
			children = (
				EAAF86771D0E8FD8003F9E4C /* PlistDate.cpp */,
				EAAF86751D0E8FBB003F9E4C /* Plist.cpp */,
				EAAF866C1D0E8E18003F9E4C /* base64.hpp */,
				EAAF866D1D0E8E18003F9E4C /* Plist.hpp */,
				EAAF866E1D0E8E18003F9E4C /* PlistDate.hpp */,
				EAAF866F1D0E8E18003F9E4C /* pugiconfig.hpp */,
				EAAF86701D0E8E18003F9E4C /* pugixml.cpp */,
				EAAF86711D0E8E18003F9E4C /* pugixml.hpp */,
			);
			path = src;
			sourceTree = "<group>";
		};
		EAC3DE7F1CD9853C00CC72AE /* CImg */ = {
			isa = PBXGroup;
			children = (
				EAC3DE801CD9853C00CC72AE /* CImgHelper.cpp */,
				EAC3DE811CD9853C00CC72AE /* CImgHelper.h */,
			);
			path = CImg;
			sourceTree = "<group>";
		};
/* End PBXGroup section */

/* Begin PBXNativeTarget section */
		EA442EF91B6FDF5D0062E30C /* MacHelper */ = {
			isa = PBXNativeTarget;
			buildConfigurationList = EA442F011B6FDF5D0062E30C /* Build configuration list for PBXNativeTarget "MacHelper" */;
			buildPhases = (
				EA442EF61B6FDF5D0062E30C /* Sources */,
				EA442EF71B6FDF5D0062E30C /* Frameworks */,
				EA442EF81B6FDF5D0062E30C /* CopyFiles */,
			);
			buildRules = (
			);
			dependencies = (
			);
			name = MacHelper;
			productName = MacHelper;
			productReference = EA442EFA1B6FDF5D0062E30C /* MacHelper */;
			productType = "com.apple.product-type.tool";
		};
/* End PBXNativeTarget section */

/* Begin PBXProject section */
		EA442EF21B6FDF5D0062E30C /* Project object */ = {
			isa = PBXProject;
			attributes = {
				LastUpgradeCheck = 0640;
				ORGANIZATIONNAME = gongxun;
				TargetAttributes = {
					EA442EF91B6FDF5D0062E30C = {
						CreatedOnToolsVersion = 6.4;
					};
				};
			};
			buildConfigurationList = EA442EF51B6FDF5D0062E30C /* Build configuration list for PBXProject "MacHelper" */;
			compatibilityVersion = "Xcode 3.2";
			developmentRegion = English;
			hasScannedForEncodings = 0;
			knownRegions = (
				en,
			);
			mainGroup = EA442EF11B6FDF5D0062E30C;
			productRefGroup = EA442EFB1B6FDF5D0062E30C /* Products */;
			projectDirPath = "";
			projectRoot = "";
			targets = (
				EA442EF91B6FDF5D0062E30C /* MacHelper */,
			);
		};
/* End PBXProject section */

/* Begin PBXSourcesBuildPhase section */
		EA442EF61B6FDF5D0062E30C /* Sources */ = {
			isa = PBXSourcesBuildPhase;
			buildActionMask = 2147483647;
			files = (
				EAAF86781D0E8FD8003F9E4C /* PlistDate.cpp in Sources */,
				EA81717B1DD9E6FB00C4F87E /* GzipHelper.cpp in Sources */,
				EAAF86721D0E8E18003F9E4C /* pugixml.cpp in Sources */,
				EA68952A1D9C175100A26DD6 /* ODSocket.cpp in Sources */,
				EA88753F1C240B0900BFD5B0 /* RandomList.cpp in Sources */,
				EAD542291DA8A1BE0021C194 /* CoinFrontTest.cpp in Sources */,
				EAAF866A1D0E83F7003F9E4C /* XMLHelper.cpp in Sources */,
				EA442EFE1B6FDF5D0062E30C /* main.cpp in Sources */,
				EAC3DE821CD9853C00CC72AE /* CImgHelper.cpp in Sources */,
				EA6895241D9C09B900A26DD6 /* ODSocket6.cpp in Sources */,
				EA74D7E61DC84834005B2B66 /* GameGroupHelper.cpp in Sources */,
				EABFC6301C1AC1480048E278 /* ZipDemo.cpp in Sources */,
				EABFC62D1C1ABD1B0048E278 /* GameVersionServer.cpp in Sources */,
				EAC8E6BA1C16A8300047FD62 /* GamesVersionHelper.cpp in Sources */,
				EA442F061B6FDF7D0062E30C /* FileHelper.cpp in Sources */,
				EAAF86761D0E8FBB003F9E4C /* Plist.cpp in Sources */,
				EAA0CB011C1DBDA600877842 /* GXMD5.cpp in Sources */,
				EA6895271D9C09DF00A26DD6 /* SocketServer.cpp in Sources */,
			);
			runOnlyForDeploymentPostprocessing = 0;
		};
/* End PBXSourcesBuildPhase section */

/* Begin XCBuildConfiguration section */
		EA442EFF1B6FDF5D0062E30C /* Debug */ = {
			isa = XCBuildConfiguration;
			buildSettings = {
				ALWAYS_SEARCH_USER_PATHS = NO;
				CLANG_CXX_LANGUAGE_STANDARD = "gnu++0x";
				CLANG_CXX_LIBRARY = "libc++";
				CLANG_ENABLE_MODULES = YES;
				CLANG_ENABLE_OBJC_ARC = YES;
				CLANG_WARN_BOOL_CONVERSION = YES;
				CLANG_WARN_CONSTANT_CONVERSION = YES;
				CLANG_WARN_DIRECT_OBJC_ISA_USAGE = YES_ERROR;
				CLANG_WARN_EMPTY_BODY = YES;
				CLANG_WARN_ENUM_CONVERSION = YES;
				CLANG_WARN_INT_CONVERSION = YES;
				CLANG_WARN_OBJC_ROOT_CLASS = YES_ERROR;
				CLANG_WARN_UNREACHABLE_CODE = YES;
				CLANG_WARN__DUPLICATE_METHOD_MATCH = YES;
				COPY_PHASE_STRIP = NO;
				DEBUG_INFORMATION_FORMAT = dwarf;
				ENABLE_STRICT_OBJC_MSGSEND = YES;
				GCC_C_LANGUAGE_STANDARD = gnu99;
				GCC_DYNAMIC_NO_PIC = NO;
				GCC_NO_COMMON_BLOCKS = YES;
				GCC_OPTIMIZATION_LEVEL = 0;
				GCC_PREPROCESSOR_DEFINITIONS = (
					"DEBUG=1",
					"$(inherited)",
				);
				GCC_SYMBOLS_PRIVATE_EXTERN = NO;
				GCC_WARN_64_TO_32_BIT_CONVERSION = YES;
				GCC_WARN_ABOUT_RETURN_TYPE = YES_ERROR;
				GCC_WARN_UNDECLARED_SELECTOR = YES;
				GCC_WARN_UNINITIALIZED_AUTOS = YES_AGGRESSIVE;
				GCC_WARN_UNUSED_FUNCTION = YES;
				GCC_WARN_UNUSED_VARIABLE = YES;
				MACOSX_DEPLOYMENT_TARGET = 10.10;
				MTL_ENABLE_DEBUG_INFO = YES;
				ONLY_ACTIVE_ARCH = YES;
				SDKROOT = macosx;
			};
			name = Debug;
		};
		EA442F001B6FDF5D0062E30C /* Release */ = {
			isa = XCBuildConfiguration;
			buildSettings = {
				ALWAYS_SEARCH_USER_PATHS = NO;
				CLANG_CXX_LANGUAGE_STANDARD = "gnu++0x";
				CLANG_CXX_LIBRARY = "libc++";
				CLANG_ENABLE_MODULES = YES;
				CLANG_ENABLE_OBJC_ARC = YES;
				CLANG_WARN_BOOL_CONVERSION = YES;
				CLANG_WARN_CONSTANT_CONVERSION = YES;
				CLANG_WARN_DIRECT_OBJC_ISA_USAGE = YES_ERROR;
				CLANG_WARN_EMPTY_BODY = YES;
				CLANG_WARN_ENUM_CONVERSION = YES;
				CLANG_WARN_INT_CONVERSION = YES;
				CLANG_WARN_OBJC_ROOT_CLASS = YES_ERROR;
				CLANG_WARN_UNREACHABLE_CODE = YES;
				CLANG_WARN__DUPLICATE_METHOD_MATCH = YES;
				COPY_PHASE_STRIP = NO;
				DEBUG_INFORMATION_FORMAT = "dwarf-with-dsym";
				ENABLE_NS_ASSERTIONS = NO;
				ENABLE_STRICT_OBJC_MSGSEND = YES;
				GCC_C_LANGUAGE_STANDARD = gnu99;
				GCC_NO_COMMON_BLOCKS = YES;
				GCC_WARN_64_TO_32_BIT_CONVERSION = YES;
				GCC_WARN_ABOUT_RETURN_TYPE = YES_ERROR;
				GCC_WARN_UNDECLARED_SELECTOR = YES;
				GCC_WARN_UNINITIALIZED_AUTOS = YES_AGGRESSIVE;
				GCC_WARN_UNUSED_FUNCTION = YES;
				GCC_WARN_UNUSED_VARIABLE = YES;
				MACOSX_DEPLOYMENT_TARGET = 10.10;
				MTL_ENABLE_DEBUG_INFO = NO;
				SDKROOT = macosx;
			};
			name = Release;
		};
		EA442F021B6FDF5D0062E30C /* Debug */ = {
			isa = XCBuildConfiguration;
			buildSettings = {
				CLANG_CXX_LANGUAGE_STANDARD = "gnu++14";
				FRAMEWORK_SEARCH_PATHS = /usr/local/bin;
				HEADER_SEARCH_PATHS = (
					"$(inherited)",
					/Applications/Xcode.app/Contents/Developer/Toolchains/XcodeDefault.xctoolchain/usr/include,
					/usr/local/include,
					"\"$(SRCROOT)/../../../googletest/googletest/include\"",
					/opt/X11/include,
					/usr/local/include,
				);
				LIBRARY_SEARCH_PATHS = (
					/usr/local/lib,
					/opt/X11/lib,
				);
				OTHER_LDFLAGS = "-lpng";
				PRODUCT_NAME = "$(TARGET_NAME)";
			};
			name = Debug;
		};
		EA442F031B6FDF5D0062E30C /* Release */ = {
			isa = XCBuildConfiguration;
			buildSettings = {
				CLANG_CXX_LANGUAGE_STANDARD = "gnu++14";
				FRAMEWORK_SEARCH_PATHS = /usr/local/bin;
				HEADER_SEARCH_PATHS = (
					"$(inherited)",
					/Applications/Xcode.app/Contents/Developer/Toolchains/XcodeDefault.xctoolchain/usr/include,
					/usr/local/include,
					"\"$(SRCROOT)/../../../googletest/googletest/include\"",
					/opt/X11/include,
					/usr/local/include,
				);
				LIBRARY_SEARCH_PATHS = (
					/usr/local/lib,
					/opt/X11/lib,
				);
				OTHER_LDFLAGS = "-lpng";
				PRODUCT_NAME = "$(TARGET_NAME)";
			};
			name = Release;
		};
/* End XCBuildConfiguration section */

/* Begin XCConfigurationList section */
		EA442EF51B6FDF5D0062E30C /* Build configuration list for PBXProject "MacHelper" */ = {
			isa = XCConfigurationList;
			buildConfigurations = (
				EA442EFF1B6FDF5D0062E30C /* Debug */,
				EA442F001B6FDF5D0062E30C /* Release */,
			);
			defaultConfigurationIsVisible = 0;
			defaultConfigurationName = Release;
		};
		EA442F011B6FDF5D0062E30C /* Build configuration list for PBXNativeTarget "MacHelper" */ = {
			isa = XCConfigurationList;
			buildConfigurations = (
				EA442F021B6FDF5D0062E30C /* Debug */,
				EA442F031B6FDF5D0062E30C /* Release */,
			);
			defaultConfigurationIsVisible = 0;
			defaultConfigurationName = Release;
		};
/* End XCConfigurationList section */
	};
	rootObject = EA442EF21B6FDF5D0062E30C /* Project object */;
}
