<?xml version="1.0" encoding="utf-8"?>
<Project ToolsVersion="4.0" xmlns="http://schemas.microsoft.com/developer/msbuild/2003">
  <ItemGroup>
    <Filter Include="Encryption">
      <UniqueIdentifier>{d18d71d5-e4da-463e-8c11-a0fcfeaec557}</UniqueIdentifier>
    </Filter>
    <Filter Include="FIle">
      <UniqueIdentifier>{7c9acb85-e372-46d6-94af-11259c5d597b}</UniqueIdentifier>
    </Filter>
    <Filter Include="ArrayHelper">
      <UniqueIdentifier>{86363b6d-9a01-467f-9eeb-4dc116a51473}</UniqueIdentifier>
    </Filter>
    <Filter Include="Model">
      <UniqueIdentifier>{34cec360-19aa-4fbd-82f8-144765dd3818}</UniqueIdentifier>
    </Filter>
    <Filter Include="GenericAlgorithm">
      <UniqueIdentifier>{d6d16473-406b-4e40-b095-381ed655e08f}</UniqueIdentifier>
    </Filter>
    <Filter Include="AssociativeContainer">
      <UniqueIdentifier>{57414c52-508e-4648-9dbe-0053bb0d2e6c}</UniqueIdentifier>
    </Filter>
  </ItemGroup>
  <ItemGroup>
    <ClCompile Include="Main.cpp" />
    <ClCompile Include="EncryptionHelper.cpp">
      <Filter>Encryption</Filter>
    </ClCompile>
    <ClCompile Include="FileHelper.cpp">
      <Filter>FIle</Filter>
    </ClCompile>
    <ClCompile Include="ArrayHelper.cpp">
      <Filter>ArrayHelper</Filter>
    </ClCompile>
    <ClCompile Include="Animal.cpp">
      <Filter>Model</Filter>
    </ClCompile>
    <ClCompile Include="GenericHelper.cpp">
      <Filter>GenericAlgorithm</Filter>
    </ClCompile>
    <ClCompile Include="AssociativeHelper.cpp">
      <Filter>AssociativeContainer</Filter>
    </ClCompile>
  </ItemGroup>
  <ItemGroup>
    <ClInclude Include="EncryptionHelper.h">
      <Filter>Encryption</Filter>
    </ClInclude>
    <ClInclude Include="FileHelper.h">
      <Filter>FIle</Filter>
    </ClInclude>
    <ClInclude Include="ArrayHelper.h">
      <Filter>ArrayHelper</Filter>
    </ClInclude>
    <ClInclude Include="Animal.h">
      <Filter>Model</Filter>
    </ClInclude>
    <ClInclude Include="GenericHelper.h">
      <Filter>GenericAlgorithm</Filter>
    </ClInclude>
    <ClInclude Include="AssociativeHelper.h">
      <Filter>AssociativeContainer</Filter>
    </ClInclude>
  </ItemGroup>
</Project>