// !$*UTF8*$!
{
	archiveVersion = 1;
	classes = {
	};
	objectVersion = 46;
	objects = {

/* Begin PBXFileReference section */
		EA61C4091A07F11C003C29F9 /* TestPurchase */ = {isa = PBXFileReference; explicitFileType = folder; includeInIndex = 0; path = TestPurchase; sourceTree = BUILT_PRODUCTS_DIR; };
		EA61C40D1A07F11C003C29F9 /* ContentInfo.plist */ = {isa = PBXFileReference; lastKnownFileType = text.plist.xml; path = ContentInfo.plist; sourceTree = "<group>"; };
/* End PBXFileReference section */

/* Begin PBXGroup section */
		EA61C4021A07F11C003C29F9 = {
			isa = PBXGroup;
			children = (
				EA61C40B1A07F11C003C29F9 /* TestPurchase */,
				EA61C40A1A07F11C003C29F9 /* Products */,
			);
			sourceTree = "<group>";
		};
		EA61C40A1A07F11C003C29F9 /* Products */ = {
			isa = PBXGroup;
			children = (
				EA61C4091A07F11C003C29F9 /* TestPurchase */,
			);
			name = Products;
			sourceTree = "<group>";
		};
		EA61C40B1A07F11C003C29F9 /* TestPurchase */ = {
			isa = PBXGroup;
			children = (
				EA61C40C1A07F11C003C29F9 /* Supporting Files */,
			);
			path = TestPurchase;
			sourceTree = "<group>";
		};
		EA61C40C1A07F11C003C29F9 /* Supporting Files */ = {
			isa = PBXGroup;
			children = (
				EA61C40D1A07F11C003C29F9 /* ContentInfo.plist */,
			);
			name = "Supporting Files";
			sourceTree = "<group>";
		};
/* End PBXGroup section */

/* Begin PBXNativeTarget section */
		EA61C4081A07F11C003C29F9 /* TestPurchase */ = {
			isa = PBXNativeTarget;
			buildConfigurationList = EA61C4101A07F11C003C29F9 /* Build configuration list for PBXNativeTarget "TestPurchase" */;
			buildPhases = (
				EA61C4071A07F11C003C29F9 /* Resources */,
			);
			buildRules = (
			);
			dependencies = (
			);
			name = TestPurchase;
			productName = TestPurchase;
			productReference = EA61C4091A07F11C003C29F9 /* TestPurchase */;
			productType = "com.apple.product-type.in-app-purchase-content";
		};
/* End PBXNativeTarget section */

/* Begin PBXProject section */
		EA61C4031A07F11C003C29F9 /* Project object */ = {
			isa = PBXProject;
			attributes = {
				LastUpgradeCheck = 0610;
				ORGANIZATIONNAME = gongxun;
				TargetAttributes = {
					EA61C4081A07F11C003C29F9 = {
						CreatedOnToolsVersion = 6.1;
					};
				};
			};
			buildConfigurationList = EA61C4061A07F11C003C29F9 /* Build configuration list for PBXProject "TestPurchase" */;
			compatibilityVersion = "Xcode 3.2";
			developmentRegion = English;
			hasScannedForEncodings = 0;
			knownRegions = (
				en,
			);
			mainGroup = EA61C4021A07F11C003C29F9;
			productRefGroup = EA61C40A1A07F11C003C29F9 /* Products */;
			projectDirPath = "";
			projectRoot = "";
			targets = (
				EA61C4081A07F11C003C29F9 /* TestPurchase */,
			);
		};
/* End PBXProject section */

/* Begin PBXResourcesBuildPhase section */
		EA61C4071A07F11C003C29F9 /* Resources */ = {
			isa = PBXResourcesBuildPhase;
			buildActionMask = 2147483647;
			files = (
			);
			runOnlyForDeploymentPostprocessing = 0;
		};
/* End PBXResourcesBuildPhase section */

/* Begin XCBuildConfiguration section */
		EA61C40E1A07F11C003C29F9 /* Debug */ = {
			isa = XCBuildConfiguration;
			buildSettings = {
				ALWAYS_SEARCH_USER_PATHS = NO;
				CLANG_CXX_LANGUAGE_STANDARD = "gnu++0x";
				CLANG_CXX_LIBRARY = "libc++";
				CLANG_ENABLE_MODULES = YES;
				CLANG_ENABLE_OBJC_ARC = YES;
				CLANG_WARN_BOOL_CONVERSION = YES;
				CLANG_WARN_CONSTANT_CONVERSION = YES;
				CLANG_WARN_DIRECT_OBJC_ISA_USAGE = YES_ERROR;
				CLANG_WARN_EMPTY_BODY = YES;
				CLANG_WARN_ENUM_CONVERSION = YES;
				CLANG_WARN_INT_CONVERSION = YES;
				CLANG_WARN_OBJC_ROOT_CLASS = YES_ERROR;
				CLANG_WARN_UNREACHABLE_CODE = YES;
				CLANG_WARN__DUPLICATE_METHOD_MATCH = YES;
				COPY_PHASE_STRIP = NO;
				ENABLE_STRICT_OBJC_MSGSEND = YES;
				GCC_C_LANGUAGE_STANDARD = gnu99;
				GCC_DYNAMIC_NO_PIC = NO;
				GCC_OPTIMIZATION_LEVEL = 0;
				GCC_PREPROCESSOR_DEFINITIONS = (
					"DEBUG=1",
					"$(inherited)",
				);
				GCC_SYMBOLS_PRIVATE_EXTERN = NO;
				GCC_WARN_64_TO_32_BIT_CONVERSION = YES;
				GCC_WARN_ABOUT_RETURN_TYPE = YES_ERROR;
				GCC_WARN_UNDECLARED_SELECTOR = YES;
				GCC_WARN_UNINITIALIZED_AUTOS = YES_AGGRESSIVE;
				GCC_WARN_UNUSED_FUNCTION = YES;
				GCC_WARN_UNUSED_VARIABLE = YES;
				MTL_ENABLE_DEBUG_INFO = YES;
				ONLY_ACTIVE_ARCH = YES;
			};
			name = Debug;
		};
		EA61C40F1A07F11C003C29F9 /* Release */ = {
			isa = XCBuildConfiguration;
			buildSettings = {
				ALWAYS_SEARCH_USER_PATHS = NO;
				CLANG_CXX_LANGUAGE_STANDARD = "gnu++0x";
				CLANG_CXX_LIBRARY = "libc++";
				CLANG_ENABLE_MODULES = YES;
				CLANG_ENABLE_OBJC_ARC = YES;
				CLANG_WARN_BOOL_CONVERSION = YES;
				CLANG_WARN_CONSTANT_CONVERSION = YES;
				CLANG_WARN_DIRECT_OBJC_ISA_USAGE = YES_ERROR;
				CLANG_WARN_EMPTY_BODY = YES;
				CLANG_WARN_ENUM_CONVERSION = YES;
				CLANG_WARN_INT_CONVERSION = YES;
				CLANG_WARN_OBJC_ROOT_CLASS = YES_ERROR;
				CLANG_WARN_UNREACHABLE_CODE = YES;
				CLANG_WARN__DUPLICATE_METHOD_MATCH = YES;
				COPY_PHASE_STRIP = YES;
				ENABLE_NS_ASSERTIONS = NO;
				ENABLE_STRICT_OBJC_MSGSEND = YES;
				GCC_C_LANGUAGE_STANDARD = gnu99;
				GCC_WARN_64_TO_32_BIT_CONVERSION = YES;
				GCC_WARN_ABOUT_RETURN_TYPE = YES_ERROR;
				GCC_WARN_UNDECLARED_SELECTOR = YES;
				GCC_WARN_UNINITIALIZED_AUTOS = YES_AGGRESSIVE;
				GCC_WARN_UNUSED_FUNCTION = YES;
				GCC_WARN_UNUSED_VARIABLE = YES;
				MTL_ENABLE_DEBUG_INFO = NO;
			};
			name = Release;
		};
		EA61C4111A07F11C003C29F9 /* Debug */ = {
			isa = XCBuildConfiguration;
			buildSettings = {
				INFOPLIST_FILE = TestPurchase/ContentInfo.plist;
				INSTALL_PATH = "$(LOCAL_LIBRARY_DIR)/InAppPurchaseContent";
				PRODUCT_NAME = "$(TARGET_NAME)";
				WRAPPER_EXTENSION = "";
			};
			name = Debug;
		};
		EA61C4121A07F11C003C29F9 /* Release */ = {
			isa = XCBuildConfiguration;
			buildSettings = {
				INFOPLIST_FILE = TestPurchase/ContentInfo.plist;
				INSTALL_PATH = "$(LOCAL_LIBRARY_DIR)/InAppPurchaseContent";
				PRODUCT_NAME = "$(TARGET_NAME)";
				WRAPPER_EXTENSION = "";
			};
			name = Release;
		};
/* End XCBuildConfiguration section */

/* Begin XCConfigurationList section */
		EA61C4061A07F11C003C29F9 /* Build configuration list for PBXProject "TestPurchase" */ = {
			isa = XCConfigurationList;
			buildConfigurations = (
				EA61C40E1A07F11C003C29F9 /* Debug */,
				EA61C40F1A07F11C003C29F9 /* Release */,
			);
			defaultConfigurationIsVisible = 0;
			defaultConfigurationName = Release;
		};
		EA61C4101A07F11C003C29F9 /* Build configuration list for PBXNativeTarget "TestPurchase" */ = {
			isa = XCConfigurationList;
			buildConfigurations = (
				EA61C4111A07F11C003C29F9 /* Debug */,
				EA61C4121A07F11C003C29F9 /* Release */,
			);
			defaultConfigurationIsVisible = 0;
		};
/* End XCConfigurationList section */
	};
	rootObject = EA61C4031A07F11C003C29F9 /* Project object */;
}
