// !$*UTF8*$!
{
	archiveVersion = 1;
	classes = {
	};
	objectVersion = 46;
	objects = {

/* Begin PBXBuildFile section */
		EA49F3301BD00B5300F3C5A8 /* main.m in Sources */ = {isa = PBXBuildFile; fileRef = EA49F32F1BD00B5300F3C5A8 /* main.m */; };
		EA49F3331BD00B5300F3C5A8 /* AppDelegate.m in Sources */ = {isa = PBXBuildFile; fileRef = EA49F3321BD00B5300F3C5A8 /* AppDelegate.m */; };
		EA49F3361BD00B5300F3C5A8 /* ViewController.m in Sources */ = {isa = PBXBuildFile; fileRef = EA49F3351BD00B5300F3C5A8 /* ViewController.m */; };
		EA49F33B1BD00B5300F3C5A8 /* Assets.xcassets in Resources */ = {isa = PBXBuildFile; fileRef = EA49F33A1BD00B5300F3C5A8 /* Assets.xcassets */; };
		EA49F33E1BD00B5300F3C5A8 /* LaunchScreen.storyboard in Resources */ = {isa = PBXBuildFile; fileRef = EA49F33C1BD00B5300F3C5A8 /* LaunchScreen.storyboard */; };
		EA49F3491BD00B5300F3C5A8 /* ISOdemoTests.m in Sources */ = {isa = PBXBuildFile; fileRef = EA49F3481BD00B5300F3C5A8 /* ISOdemoTests.m */; };
		EA49F3541BD00B5300F3C5A8 /* ISOdemoUITests.m in Sources */ = {isa = PBXBuildFile; fileRef = EA49F3531BD00B5300F3C5A8 /* ISOdemoUITests.m */; };
		EA6ED5A41BD5323D00C5A46C /* CrazyDrag.html in Resources */ = {isa = PBXBuildFile; fileRef = EA6ED5991BD5323D00C5A46C /* CrazyDrag.html */; settings = {ASSET_TAGS = (); }; };
		EA6ED5A51BD5323D00C5A46C /* Background.png in Resources */ = {isa = PBXBuildFile; fileRef = EA6ED59B1BD5323D00C5A46C /* Background.png */; settings = {ASSET_TAGS = (); }; };
		EA6ED5A61BD5323D00C5A46C /* Button-Highlighted.png in Resources */ = {isa = PBXBuildFile; fileRef = EA6ED59C1BD5323D00C5A46C /* Button-Highlighted.png */; settings = {ASSET_TAGS = (); }; };
		EA6ED5A71BD5323D00C5A46C /* Button-Normal.png in Resources */ = {isa = PBXBuildFile; fileRef = EA6ED59D1BD5323D00C5A46C /* Button-Normal.png */; settings = {ASSET_TAGS = (); }; };
		EA6ED5A81BD5323D00C5A46C /* SliderThumb-Highlighted.png in Resources */ = {isa = PBXBuildFile; fileRef = EA6ED59E1BD5323D00C5A46C /* SliderThumb-Highlighted.png */; settings = {ASSET_TAGS = (); }; };
		EA6ED5A91BD5323D00C5A46C /* SliderThumb-Normal.png in Resources */ = {isa = PBXBuildFile; fileRef = EA6ED59F1BD5323D00C5A46C /* SliderThumb-Normal.png */; settings = {ASSET_TAGS = (); }; };
		EA6ED5AA1BD5323D00C5A46C /* SliderTrackLeft.png in Resources */ = {isa = PBXBuildFile; fileRef = EA6ED5A01BD5323D00C5A46C /* SliderTrackLeft.png */; settings = {ASSET_TAGS = (); }; };
		EA6ED5AB1BD5323D00C5A46C /* SliderTrackRight.png in Resources */ = {isa = PBXBuildFile; fileRef = EA6ED5A11BD5323D00C5A46C /* SliderTrackRight.png */; settings = {ASSET_TAGS = (); }; };
		EA6ED5AC1BD5323D00C5A46C /* StartOverButton.png in Resources */ = {isa = PBXBuildFile; fileRef = EA6ED5A21BD5323D00C5A46C /* StartOverButton.png */; settings = {ASSET_TAGS = (); }; };
		EA6ED5AD1BD5323D00C5A46C /* StartOverIcon.png in Resources */ = {isa = PBXBuildFile; fileRef = EA6ED5A31BD5323D00C5A46C /* StartOverIcon.png */; settings = {ASSET_TAGS = (); }; };
		EA6ED5B01BD54F8300C5A46C /* no.mp3 in Resources */ = {isa = PBXBuildFile; fileRef = EA6ED5AF1BD54F8300C5A46C /* no.mp3 */; settings = {ASSET_TAGS = (); }; };
		EA6ED5BA1BD5535C00C5A46C /* Icon-120.png in Resources */ = {isa = PBXBuildFile; fileRef = EA6ED5B41BD5535C00C5A46C /* Icon-120.png */; settings = {ASSET_TAGS = (); }; };
		EA6ED5BB1BD5535C00C5A46C /* Icon-58.png in Resources */ = {isa = PBXBuildFile; fileRef = EA6ED5B51BD5535C00C5A46C /* Icon-58.png */; settings = {ASSET_TAGS = (); }; };
		EA6ED5BC1BD5535C00C5A46C /* Icon-80.png in Resources */ = {isa = PBXBuildFile; fileRef = EA6ED5B61BD5535C00C5A46C /* Icon-80.png */; settings = {ASSET_TAGS = (); }; };
		EA6ED5BD1BD5535C00C5A46C /* iTunesArtwork.png in Resources */ = {isa = PBXBuildFile; fileRef = EA6ED5B71BD5535C00C5A46C /* iTunesArtwork.png */; settings = {ASSET_TAGS = (); }; };
		EAC2245F1BD2C92D007E4326 /* Main.storyboard in Resources */ = {isa = PBXBuildFile; fileRef = EA49F3371BD00B5300F3C5A8 /* Main.storyboard */; settings = {ASSET_TAGS = (); }; };
		EACA390C1BD3FF3400BD8F96 /* AboutViewController.m in Sources */ = {isa = PBXBuildFile; fileRef = EACA390A1BD3FF3400BD8F96 /* AboutViewController.m */; settings = {ASSET_TAGS = (); }; };
		EACA390D1BD3FF3400BD8F96 /* AboutViewController.xib in Resources */ = {isa = PBXBuildFile; fileRef = EACA390B1BD3FF3400BD8F96 /* AboutViewController.xib */; settings = {ASSET_TAGS = (); }; };
/* End PBXBuildFile section */

/* Begin PBXContainerItemProxy section */
		EA49F3451BD00B5300F3C5A8 /* PBXContainerItemProxy */ = {
			isa = PBXContainerItemProxy;
			containerPortal = EA49F3231BD00B5300F3C5A8 /* Project object */;
			proxyType = 1;
			remoteGlobalIDString = EA49F32A1BD00B5300F3C5A8;
			remoteInfo = ISOdemo;
		};
		EA49F3501BD00B5300F3C5A8 /* PBXContainerItemProxy */ = {
			isa = PBXContainerItemProxy;
			containerPortal = EA49F3231BD00B5300F3C5A8 /* Project object */;
			proxyType = 1;
			remoteGlobalIDString = EA49F32A1BD00B5300F3C5A8;
			remoteInfo = ISOdemo;
		};
/* End PBXContainerItemProxy section */

/* Begin PBXFileReference section */
		EA49F32B1BD00B5300F3C5A8 /* ISOdemo.app */ = {isa = PBXFileReference; explicitFileType = wrapper.application; includeInIndex = 0; path = ISOdemo.app; sourceTree = BUILT_PRODUCTS_DIR; };
		EA49F32F1BD00B5300F3C5A8 /* main.m */ = {isa = PBXFileReference; lastKnownFileType = sourcecode.c.objc; path = main.m; sourceTree = "<group>"; };
		EA49F3311BD00B5300F3C5A8 /* AppDelegate.h */ = {isa = PBXFileReference; lastKnownFileType = sourcecode.c.h; path = AppDelegate.h; sourceTree = "<group>"; };
		EA49F3321BD00B5300F3C5A8 /* AppDelegate.m */ = {isa = PBXFileReference; lastKnownFileType = sourcecode.c.objc; path = AppDelegate.m; sourceTree = "<group>"; };
		EA49F3341BD00B5300F3C5A8 /* ViewController.h */ = {isa = PBXFileReference; lastKnownFileType = sourcecode.c.h; path = ViewController.h; sourceTree = "<group>"; };
		EA49F3351BD00B5300F3C5A8 /* ViewController.m */ = {isa = PBXFileReference; lastKnownFileType = sourcecode.c.objc; path = ViewController.m; sourceTree = "<group>"; };
		EA49F3381BD00B5300F3C5A8 /* Base */ = {isa = PBXFileReference; lastKnownFileType = file.storyboard; name = Base; path = Base.lproj/Main.storyboard; sourceTree = "<group>"; };
		EA49F33A1BD00B5300F3C5A8 /* Assets.xcassets */ = {isa = PBXFileReference; lastKnownFileType = folder.assetcatalog; path = Assets.xcassets; sourceTree = "<group>"; };
		EA49F33D1BD00B5300F3C5A8 /* Base */ = {isa = PBXFileReference; lastKnownFileType = file.storyboard; name = Base; path = Base.lproj/LaunchScreen.storyboard; sourceTree = "<group>"; };
		EA49F33F1BD00B5300F3C5A8 /* Info.plist */ = {isa = PBXFileReference; lastKnownFileType = text.plist.xml; path = Info.plist; sourceTree = "<group>"; };
		EA49F3441BD00B5300F3C5A8 /* ISOdemoTests.xctest */ = {isa = PBXFileReference; explicitFileType = wrapper.cfbundle; includeInIndex = 0; path = ISOdemoTests.xctest; sourceTree = BUILT_PRODUCTS_DIR; };
		EA49F3481BD00B5300F3C5A8 /* ISOdemoTests.m */ = {isa = PBXFileReference; lastKnownFileType = sourcecode.c.objc; path = ISOdemoTests.m; sourceTree = "<group>"; };
		EA49F34A1BD00B5300F3C5A8 /* Info.plist */ = {isa = PBXFileReference; lastKnownFileType = text.plist.xml; path = Info.plist; sourceTree = "<group>"; };
		EA49F34F1BD00B5300F3C5A8 /* ISOdemoUITests.xctest */ = {isa = PBXFileReference; explicitFileType = wrapper.cfbundle; includeInIndex = 0; path = ISOdemoUITests.xctest; sourceTree = BUILT_PRODUCTS_DIR; };
		EA49F3531BD00B5300F3C5A8 /* ISOdemoUITests.m */ = {isa = PBXFileReference; lastKnownFileType = sourcecode.c.objc; path = ISOdemoUITests.m; sourceTree = "<group>"; };
		EA49F3551BD00B5300F3C5A8 /* Info.plist */ = {isa = PBXFileReference; lastKnownFileType = text.plist.xml; path = Info.plist; sourceTree = "<group>"; };
		EA6ED5991BD5323D00C5A46C /* CrazyDrag.html */ = {isa = PBXFileReference; fileEncoding = 4; lastKnownFileType = text.html; path = CrazyDrag.html; sourceTree = "<group>"; };
		EA6ED59B1BD5323D00C5A46C /* Background.png */ = {isa = PBXFileReference; lastKnownFileType = image.png; path = Background.png; sourceTree = "<group>"; };
		EA6ED59C1BD5323D00C5A46C /* Button-Highlighted.png */ = {isa = PBXFileReference; lastKnownFileType = image.png; path = "Button-Highlighted.png"; sourceTree = "<group>"; };
		EA6ED59D1BD5323D00C5A46C /* Button-Normal.png */ = {isa = PBXFileReference; lastKnownFileType = image.png; path = "Button-Normal.png"; sourceTree = "<group>"; };
		EA6ED59E1BD5323D00C5A46C /* SliderThumb-Highlighted.png */ = {isa = PBXFileReference; lastKnownFileType = image.png; path = "SliderThumb-Highlighted.png"; sourceTree = "<group>"; };
		EA6ED59F1BD5323D00C5A46C /* SliderThumb-Normal.png */ = {isa = PBXFileReference; lastKnownFileType = image.png; path = "SliderThumb-Normal.png"; sourceTree = "<group>"; };
		EA6ED5A01BD5323D00C5A46C /* SliderTrackLeft.png */ = {isa = PBXFileReference; lastKnownFileType = image.png; path = SliderTrackLeft.png; sourceTree = "<group>"; };
		EA6ED5A11BD5323D00C5A46C /* SliderTrackRight.png */ = {isa = PBXFileReference; lastKnownFileType = image.png; path = SliderTrackRight.png; sourceTree = "<group>"; };
		EA6ED5A21BD5323D00C5A46C /* StartOverButton.png */ = {isa = PBXFileReference; lastKnownFileType = image.png; path = StartOverButton.png; sourceTree = "<group>"; };
		EA6ED5A31BD5323D00C5A46C /* StartOverIcon.png */ = {isa = PBXFileReference; lastKnownFileType = image.png; path = StartOverIcon.png; sourceTree = "<group>"; };
		EA6ED5AF1BD54F8300C5A46C /* no.mp3 */ = {isa = PBXFileReference; lastKnownFileType = audio.mp3; path = no.mp3; sourceTree = "<group>"; };
		EA6ED5B41BD5535C00C5A46C /* Icon-120.png */ = {isa = PBXFileReference; lastKnownFileType = image.png; path = "Icon-120.png"; sourceTree = "<group>"; };
		EA6ED5B51BD5535C00C5A46C /* Icon-58.png */ = {isa = PBXFileReference; lastKnownFileType = image.png; path = "Icon-58.png"; sourceTree = "<group>"; };
		EA6ED5B61BD5535C00C5A46C /* Icon-80.png */ = {isa = PBXFileReference; lastKnownFileType = image.png; path = "Icon-80.png"; sourceTree = "<group>"; };
		EA6ED5B71BD5535C00C5A46C /* iTunesArtwork.png */ = {isa = PBXFileReference; lastKnownFileType = image.png; path = iTunesArtwork.png; sourceTree = "<group>"; };
		EACA39091BD3FF3400BD8F96 /* AboutViewController.h */ = {isa = PBXFileReference; fileEncoding = 4; lastKnownFileType = sourcecode.c.h; path = AboutViewController.h; sourceTree = "<group>"; };
		EACA390A1BD3FF3400BD8F96 /* AboutViewController.m */ = {isa = PBXFileReference; fileEncoding = 4; lastKnownFileType = sourcecode.c.objc; path = AboutViewController.m; sourceTree = "<group>"; };
		EACA390B1BD3FF3400BD8F96 /* AboutViewController.xib */ = {isa = PBXFileReference; fileEncoding = 4; lastKnownFileType = file.xib; path = AboutViewController.xib; sourceTree = "<group>"; };
/* End PBXFileReference section */

/* Begin PBXFrameworksBuildPhase section */
		EA49F3281BD00B5300F3C5A8 /* Frameworks */ = {
			isa = PBXFrameworksBuildPhase;
			buildActionMask = 2147483647;
			files = (
			);
			runOnlyForDeploymentPostprocessing = 0;
		};
		EA49F3411BD00B5300F3C5A8 /* Frameworks */ = {
			isa = PBXFrameworksBuildPhase;
			buildActionMask = 2147483647;
			files = (
			);
			runOnlyForDeploymentPostprocessing = 0;
		};
		EA49F34C1BD00B5300F3C5A8 /* Frameworks */ = {
			isa = PBXFrameworksBuildPhase;
			buildActionMask = 2147483647;
			files = (
			);
			runOnlyForDeploymentPostprocessing = 0;
		};
/* End PBXFrameworksBuildPhase section */

/* Begin PBXGroup section */
		EA49F3221BD00B5300F3C5A8 = {
			isa = PBXGroup;
			children = (
				EA49F32D1BD00B5300F3C5A8 /* ISOdemo */,
				EA49F3471BD00B5300F3C5A8 /* ISOdemoTests */,
				EA49F3521BD00B5300F3C5A8 /* ISOdemoUITests */,
				EA49F32C1BD00B5300F3C5A8 /* Products */,
			);
			sourceTree = "<group>";
		};
		EA49F32C1BD00B5300F3C5A8 /* Products */ = {
			isa = PBXGroup;
			children = (
				EA49F32B1BD00B5300F3C5A8 /* ISOdemo.app */,
				EA49F3441BD00B5300F3C5A8 /* ISOdemoTests.xctest */,
				EA49F34F1BD00B5300F3C5A8 /* ISOdemoUITests.xctest */,
			);
			name = Products;
			sourceTree = "<group>";
		};
		EA49F32D1BD00B5300F3C5A8 /* ISOdemo */ = {
			isa = PBXGroup;
			children = (
				EA6ED5981BD5323D00C5A46C /* res */,
				EA49F3311BD00B5300F3C5A8 /* AppDelegate.h */,
				EA49F3321BD00B5300F3C5A8 /* AppDelegate.m */,
				EA49F3341BD00B5300F3C5A8 /* ViewController.h */,
				EA49F3351BD00B5300F3C5A8 /* ViewController.m */,
				EACA39091BD3FF3400BD8F96 /* AboutViewController.h */,
				EACA390A1BD3FF3400BD8F96 /* AboutViewController.m */,
				EACA390B1BD3FF3400BD8F96 /* AboutViewController.xib */,
				EA49F3371BD00B5300F3C5A8 /* Main.storyboard */,
				EA49F33A1BD00B5300F3C5A8 /* Assets.xcassets */,
				EA49F33C1BD00B5300F3C5A8 /* LaunchScreen.storyboard */,
				EA49F33F1BD00B5300F3C5A8 /* Info.plist */,
				EA49F32E1BD00B5300F3C5A8 /* Supporting Files */,
			);
			path = ISOdemo;
			sourceTree = "<group>";
		};
		EA49F32E1BD00B5300F3C5A8 /* Supporting Files */ = {
			isa = PBXGroup;
			children = (
				EA49F32F1BD00B5300F3C5A8 /* main.m */,
			);
			name = "Supporting Files";
			sourceTree = "<group>";
		};
		EA49F3471BD00B5300F3C5A8 /* ISOdemoTests */ = {
			isa = PBXGroup;
			children = (
				EA49F3481BD00B5300F3C5A8 /* ISOdemoTests.m */,
				EA49F34A1BD00B5300F3C5A8 /* Info.plist */,
			);
			path = ISOdemoTests;
			sourceTree = "<group>";
		};
		EA49F3521BD00B5300F3C5A8 /* ISOdemoUITests */ = {
			isa = PBXGroup;
			children = (
				EA49F3531BD00B5300F3C5A8 /* ISOdemoUITests.m */,
				EA49F3551BD00B5300F3C5A8 /* Info.plist */,
			);
			path = ISOdemoUITests;
			sourceTree = "<group>";
		};
		EA6ED5981BD5323D00C5A46C /* res */ = {
			isa = PBXGroup;
			children = (
				EA6ED5B11BD5535C00C5A46C /* icon */,
				EA6ED5AE1BD54F8300C5A46C /* music */,
				EA6ED5991BD5323D00C5A46C /* CrazyDrag.html */,
				EA6ED59A1BD5323D00C5A46C /* Images */,
			);
			path = res;
			sourceTree = "<group>";
		};
		EA6ED59A1BD5323D00C5A46C /* Images */ = {
			isa = PBXGroup;
			children = (
				EA6ED59B1BD5323D00C5A46C /* Background.png */,
				EA6ED59C1BD5323D00C5A46C /* Button-Highlighted.png */,
				EA6ED59D1BD5323D00C5A46C /* Button-Normal.png */,
				EA6ED59E1BD5323D00C5A46C /* SliderThumb-Highlighted.png */,
				EA6ED59F1BD5323D00C5A46C /* SliderThumb-Normal.png */,
				EA6ED5A01BD5323D00C5A46C /* SliderTrackLeft.png */,
				EA6ED5A11BD5323D00C5A46C /* SliderTrackRight.png */,
				EA6ED5A21BD5323D00C5A46C /* StartOverButton.png */,
				EA6ED5A31BD5323D00C5A46C /* StartOverIcon.png */,
			);
			path = Images;
			sourceTree = "<group>";
		};
		EA6ED5AE1BD54F8300C5A46C /* music */ = {
			isa = PBXGroup;
			children = (
				EA6ED5AF1BD54F8300C5A46C /* no.mp3 */,
			);
			path = music;
			sourceTree = "<group>";
		};
		EA6ED5B11BD5535C00C5A46C /* icon */ = {
			isa = PBXGroup;
			children = (
				EA6ED5B41BD5535C00C5A46C /* Icon-120.png */,
				EA6ED5B51BD5535C00C5A46C /* Icon-58.png */,
				EA6ED5B61BD5535C00C5A46C /* Icon-80.png */,
				EA6ED5B71BD5535C00C5A46C /* iTunesArtwork.png */,
			);
			path = icon;
			sourceTree = "<group>";
		};
/* End PBXGroup section */

/* Begin PBXNativeTarget section */
		EA49F32A1BD00B5300F3C5A8 /* ISOdemo */ = {
			isa = PBXNativeTarget;
			buildConfigurationList = EA49F3581BD00B5300F3C5A8 /* Build configuration list for PBXNativeTarget "ISOdemo" */;
			buildPhases = (
				EA49F3271BD00B5300F3C5A8 /* Sources */,
				EA49F3281BD00B5300F3C5A8 /* Frameworks */,
				EA49F3291BD00B5300F3C5A8 /* Resources */,
			);
			buildRules = (
			);
			dependencies = (
			);
			name = ISOdemo;
			productName = ISOdemo;
			productReference = EA49F32B1BD00B5300F3C5A8 /* ISOdemo.app */;
			productType = "com.apple.product-type.application";
		};
		EA49F3431BD00B5300F3C5A8 /* ISOdemoTests */ = {
			isa = PBXNativeTarget;
			buildConfigurationList = EA49F35B1BD00B5300F3C5A8 /* Build configuration list for PBXNativeTarget "ISOdemoTests" */;
			buildPhases = (
				EA49F3401BD00B5300F3C5A8 /* Sources */,
				EA49F3411BD00B5300F3C5A8 /* Frameworks */,
				EA49F3421BD00B5300F3C5A8 /* Resources */,
			);
			buildRules = (
			);
			dependencies = (
				EA49F3461BD00B5300F3C5A8 /* PBXTargetDependency */,
			);
			name = ISOdemoTests;
			productName = ISOdemoTests;
			productReference = EA49F3441BD00B5300F3C5A8 /* ISOdemoTests.xctest */;
			productType = "com.apple.product-type.bundle.unit-test";
		};
		EA49F34E1BD00B5300F3C5A8 /* ISOdemoUITests */ = {
			isa = PBXNativeTarget;
			buildConfigurationList = EA49F35E1BD00B5300F3C5A8 /* Build configuration list for PBXNativeTarget "ISOdemoUITests" */;
			buildPhases = (
				EA49F34B1BD00B5300F3C5A8 /* Sources */,
				EA49F34C1BD00B5300F3C5A8 /* Frameworks */,
				EA49F34D1BD00B5300F3C5A8 /* Resources */,
			);
			buildRules = (
			);
			dependencies = (
				EA49F3511BD00B5300F3C5A8 /* PBXTargetDependency */,
			);
			name = ISOdemoUITests;
			productName = ISOdemoUITests;
			productReference = EA49F34F1BD00B5300F3C5A8 /* ISOdemoUITests.xctest */;
			productType = "com.apple.product-type.bundle.ui-testing";
		};
/* End PBXNativeTarget section */

/* Begin PBXProject section */
		EA49F3231BD00B5300F3C5A8 /* Project object */ = {
			isa = PBXProject;
			attributes = {
				LastUpgradeCheck = 0700;
				ORGANIZATIONNAME = gongxun;
				TargetAttributes = {
					EA49F32A1BD00B5300F3C5A8 = {
						CreatedOnToolsVersion = 7.0.1;
					};
					EA49F3431BD00B5300F3C5A8 = {
						CreatedOnToolsVersion = 7.0.1;
						TestTargetID = EA49F32A1BD00B5300F3C5A8;
					};
					EA49F34E1BD00B5300F3C5A8 = {
						CreatedOnToolsVersion = 7.0.1;
						TestTargetID = EA49F32A1BD00B5300F3C5A8;
					};
				};
			};
			buildConfigurationList = EA49F3261BD00B5300F3C5A8 /* Build configuration list for PBXProject "ISOdemo" */;
			compatibilityVersion = "Xcode 3.2";
			developmentRegion = English;
			hasScannedForEncodings = 0;
			knownRegions = (
				en,
				Base,
			);
			mainGroup = EA49F3221BD00B5300F3C5A8;
			productRefGroup = EA49F32C1BD00B5300F3C5A8 /* Products */;
			projectDirPath = "";
			projectRoot = "";
			targets = (
				EA49F32A1BD00B5300F3C5A8 /* ISOdemo */,
				EA49F3431BD00B5300F3C5A8 /* ISOdemoTests */,
				EA49F34E1BD00B5300F3C5A8 /* ISOdemoUITests */,
			);
		};
/* End PBXProject section */

/* Begin PBXResourcesBuildPhase section */
		EA49F3291BD00B5300F3C5A8 /* Resources */ = {
			isa = PBXResourcesBuildPhase;
			buildActionMask = 2147483647;
			files = (
				EA6ED5B01BD54F8300C5A46C /* no.mp3 in Resources */,
				EA6ED5AC1BD5323D00C5A46C /* StartOverButton.png in Resources */,
				EA6ED5BD1BD5535C00C5A46C /* iTunesArtwork.png in Resources */,
				EAC2245F1BD2C92D007E4326 /* Main.storyboard in Resources */,
				EA49F33E1BD00B5300F3C5A8 /* LaunchScreen.storyboard in Resources */,
				EA6ED5AD1BD5323D00C5A46C /* StartOverIcon.png in Resources */,
				EACA390D1BD3FF3400BD8F96 /* AboutViewController.xib in Resources */,
				EA6ED5A61BD5323D00C5A46C /* Button-Highlighted.png in Resources */,
				EA6ED5A51BD5323D00C5A46C /* Background.png in Resources */,
				EA6ED5AB1BD5323D00C5A46C /* SliderTrackRight.png in Resources */,
				EA49F33B1BD00B5300F3C5A8 /* Assets.xcassets in Resources */,
				EA6ED5A91BD5323D00C5A46C /* SliderThumb-Normal.png in Resources */,
				EA6ED5A81BD5323D00C5A46C /* SliderThumb-Highlighted.png in Resources */,
				EA6ED5A71BD5323D00C5A46C /* Button-Normal.png in Resources */,
				EA6ED5A41BD5323D00C5A46C /* CrazyDrag.html in Resources */,
				EA6ED5BC1BD5535C00C5A46C /* Icon-80.png in Resources */,
				EA6ED5BA1BD5535C00C5A46C /* Icon-120.png in Resources */,
				EA6ED5BB1BD5535C00C5A46C /* Icon-58.png in Resources */,
				EA6ED5AA1BD5323D00C5A46C /* SliderTrackLeft.png in Resources */,
			);
			runOnlyForDeploymentPostprocessing = 0;
		};
		EA49F3421BD00B5300F3C5A8 /* Resources */ = {
			isa = PBXResourcesBuildPhase;
			buildActionMask = 2147483647;
			files = (
			);
			runOnlyForDeploymentPostprocessing = 0;
		};
		EA49F34D1BD00B5300F3C5A8 /* Resources */ = {
			isa = PBXResourcesBuildPhase;
			buildActionMask = 2147483647;
			files = (
			);
			runOnlyForDeploymentPostprocessing = 0;
		};
/* End PBXResourcesBuildPhase section */

/* Begin PBXSourcesBuildPhase section */
		EA49F3271BD00B5300F3C5A8 /* Sources */ = {
			isa = PBXSourcesBuildPhase;
			buildActionMask = 2147483647;
			files = (
				EA49F3361BD00B5300F3C5A8 /* ViewController.m in Sources */,
				EA49F3331BD00B5300F3C5A8 /* AppDelegate.m in Sources */,
				EACA390C1BD3FF3400BD8F96 /* AboutViewController.m in Sources */,
				EA49F3301BD00B5300F3C5A8 /* main.m in Sources */,
			);
			runOnlyForDeploymentPostprocessing = 0;
		};
		EA49F3401BD00B5300F3C5A8 /* Sources */ = {
			isa = PBXSourcesBuildPhase;
			buildActionMask = 2147483647;
			files = (
				EA49F3491BD00B5300F3C5A8 /* ISOdemoTests.m in Sources */,
			);
			runOnlyForDeploymentPostprocessing = 0;
		};
		EA49F34B1BD00B5300F3C5A8 /* Sources */ = {
			isa = PBXSourcesBuildPhase;
			buildActionMask = 2147483647;
			files = (
				EA49F3541BD00B5300F3C5A8 /* ISOdemoUITests.m in Sources */,
			);
			runOnlyForDeploymentPostprocessing = 0;
		};
/* End PBXSourcesBuildPhase section */

/* Begin PBXTargetDependency section */
		EA49F3461BD00B5300F3C5A8 /* PBXTargetDependency */ = {
			isa = PBXTargetDependency;
			target = EA49F32A1BD00B5300F3C5A8 /* ISOdemo */;
			targetProxy = EA49F3451BD00B5300F3C5A8 /* PBXContainerItemProxy */;
		};
		EA49F3511BD00B5300F3C5A8 /* PBXTargetDependency */ = {
			isa = PBXTargetDependency;
			target = EA49F32A1BD00B5300F3C5A8 /* ISOdemo */;
			targetProxy = EA49F3501BD00B5300F3C5A8 /* PBXContainerItemProxy */;
		};
/* End PBXTargetDependency section */

/* Begin PBXVariantGroup section */
		EA49F3371BD00B5300F3C5A8 /* Main.storyboard */ = {
			isa = PBXVariantGroup;
			children = (
				EA49F3381BD00B5300F3C5A8 /* Base */,
			);
			name = Main.storyboard;
			sourceTree = "<group>";
		};
		EA49F33C1BD00B5300F3C5A8 /* LaunchScreen.storyboard */ = {
			isa = PBXVariantGroup;
			children = (
				EA49F33D1BD00B5300F3C5A8 /* Base */,
			);
			name = LaunchScreen.storyboard;
			sourceTree = "<group>";
		};
/* End PBXVariantGroup section */

/* Begin XCBuildConfiguration section */
		EA49F3561BD00B5300F3C5A8 /* Debug */ = {
			isa = XCBuildConfiguration;
			buildSettings = {
				ALWAYS_SEARCH_USER_PATHS = NO;
				CLANG_CXX_LANGUAGE_STANDARD = "gnu++0x";
				CLANG_CXX_LIBRARY = "libc++";
				CLANG_ENABLE_MODULES = YES;
				CLANG_ENABLE_OBJC_ARC = YES;
				CLANG_WARN_BOOL_CONVERSION = YES;
				CLANG_WARN_CONSTANT_CONVERSION = YES;
				CLANG_WARN_DIRECT_OBJC_ISA_USAGE = YES_ERROR;
				CLANG_WARN_EMPTY_BODY = YES;
				CLANG_WARN_ENUM_CONVERSION = YES;
				CLANG_WARN_INT_CONVERSION = YES;
				CLANG_WARN_OBJC_ROOT_CLASS = YES_ERROR;
				CLANG_WARN_UNREACHABLE_CODE = YES;
				CLANG_WARN__DUPLICATE_METHOD_MATCH = YES;
				"CODE_SIGN_IDENTITY[sdk=iphoneos*]" = "iPhone Developer";
				COPY_PHASE_STRIP = NO;
				DEBUG_INFORMATION_FORMAT = dwarf;
				ENABLE_STRICT_OBJC_MSGSEND = YES;
				ENABLE_TESTABILITY = YES;
				GCC_C_LANGUAGE_STANDARD = gnu99;
				GCC_DYNAMIC_NO_PIC = NO;
				GCC_NO_COMMON_BLOCKS = YES;
				GCC_OPTIMIZATION_LEVEL = 0;
				GCC_PREPROCESSOR_DEFINITIONS = (
					"DEBUG=1",
					"$(inherited)",
				);
				GCC_WARN_64_TO_32_BIT_CONVERSION = YES;
				GCC_WARN_ABOUT_RETURN_TYPE = YES_ERROR;
				GCC_WARN_UNDECLARED_SELECTOR = YES;
				GCC_WARN_UNINITIALIZED_AUTOS = YES_AGGRESSIVE;
				GCC_WARN_UNUSED_FUNCTION = YES;
				GCC_WARN_UNUSED_VARIABLE = YES;
				IPHONEOS_DEPLOYMENT_TARGET = 9.0;
				MTL_ENABLE_DEBUG_INFO = YES;
				ONLY_ACTIVE_ARCH = YES;
				SDKROOT = iphoneos;
			};
			name = Debug;
		};
		EA49F3571BD00B5300F3C5A8 /* Release */ = {
			isa = XCBuildConfiguration;
			buildSettings = {
				ALWAYS_SEARCH_USER_PATHS = NO;
				CLANG_CXX_LANGUAGE_STANDARD = "gnu++0x";
				CLANG_CXX_LIBRARY = "libc++";
				CLANG_ENABLE_MODULES = YES;
				CLANG_ENABLE_OBJC_ARC = YES;
				CLANG_WARN_BOOL_CONVERSION = YES;
				CLANG_WARN_CONSTANT_CONVERSION = YES;
				CLANG_WARN_DIRECT_OBJC_ISA_USAGE = YES_ERROR;
				CLANG_WARN_EMPTY_BODY = YES;
				CLANG_WARN_ENUM_CONVERSION = YES;
				CLANG_WARN_INT_CONVERSION = YES;
				CLANG_WARN_OBJC_ROOT_CLASS = YES_ERROR;
				CLANG_WARN_UNREACHABLE_CODE = YES;
				CLANG_WARN__DUPLICATE_METHOD_MATCH = YES;
				"CODE_SIGN_IDENTITY[sdk=iphoneos*]" = "iPhone Developer";
				COPY_PHASE_STRIP = NO;
				DEBUG_INFORMATION_FORMAT = "dwarf-with-dsym";
				ENABLE_NS_ASSERTIONS = NO;
				ENABLE_STRICT_OBJC_MSGSEND = YES;
				GCC_C_LANGUAGE_STANDARD = gnu99;
				GCC_NO_COMMON_BLOCKS = YES;
				GCC_WARN_64_TO_32_BIT_CONVERSION = YES;
				GCC_WARN_ABOUT_RETURN_TYPE = YES_ERROR;
				GCC_WARN_UNDECLARED_SELECTOR = YES;
				GCC_WARN_UNINITIALIZED_AUTOS = YES_AGGRESSIVE;
				GCC_WARN_UNUSED_FUNCTION = YES;
				GCC_WARN_UNUSED_VARIABLE = YES;
				IPHONEOS_DEPLOYMENT_TARGET = 9.0;
				MTL_ENABLE_DEBUG_INFO = NO;
				SDKROOT = iphoneos;
				VALIDATE_PRODUCT = YES;
			};
			name = Release;
		};
		EA49F3591BD00B5300F3C5A8 /* Debug */ = {
			isa = XCBuildConfiguration;
			buildSettings = {
				ASSETCATALOG_COMPILER_APPICON_NAME = AppIcon;
				INFOPLIST_FILE = ISOdemo/Info.plist;
				IPHONEOS_DEPLOYMENT_TARGET = 7.0;
				LD_RUNPATH_SEARCH_PATHS = "$(inherited) @executable_path/Frameworks";
				PRODUCT_BUNDLE_IDENTIFIER = com.GxGame.ISOdemo;
				PRODUCT_NAME = "$(TARGET_NAME)";
			};
			name = Debug;
		};
		EA49F35A1BD00B5300F3C5A8 /* Release */ = {
			isa = XCBuildConfiguration;
			buildSettings = {
				ASSETCATALOG_COMPILER_APPICON_NAME = AppIcon;
				INFOPLIST_FILE = ISOdemo/Info.plist;
				IPHONEOS_DEPLOYMENT_TARGET = 7.0;
				LD_RUNPATH_SEARCH_PATHS = "$(inherited) @executable_path/Frameworks";
				PRODUCT_BUNDLE_IDENTIFIER = com.GxGame.ISOdemo;
				PRODUCT_NAME = "$(TARGET_NAME)";
			};
			name = Release;
		};
		EA49F35C1BD00B5300F3C5A8 /* Debug */ = {
			isa = XCBuildConfiguration;
			buildSettings = {
				BUNDLE_LOADER = "$(TEST_HOST)";
				INFOPLIST_FILE = ISOdemoTests/Info.plist;
				LD_RUNPATH_SEARCH_PATHS = "$(inherited) @executable_path/Frameworks @loader_path/Frameworks";
				PRODUCT_BUNDLE_IDENTIFIER = com.GxGame.ISOdemoTests;
				PRODUCT_NAME = "$(TARGET_NAME)";
				TEST_HOST = "$(BUILT_PRODUCTS_DIR)/ISOdemo.app/ISOdemo";
			};
			name = Debug;
		};
		EA49F35D1BD00B5300F3C5A8 /* Release */ = {
			isa = XCBuildConfiguration;
			buildSettings = {
				BUNDLE_LOADER = "$(TEST_HOST)";
				INFOPLIST_FILE = ISOdemoTests/Info.plist;
				LD_RUNPATH_SEARCH_PATHS = "$(inherited) @executable_path/Frameworks @loader_path/Frameworks";
				PRODUCT_BUNDLE_IDENTIFIER = com.GxGame.ISOdemoTests;
				PRODUCT_NAME = "$(TARGET_NAME)";
				TEST_HOST = "$(BUILT_PRODUCTS_DIR)/ISOdemo.app/ISOdemo";
			};
			name = Release;
		};
		EA49F35F1BD00B5300F3C5A8 /* Debug */ = {
			isa = XCBuildConfiguration;
			buildSettings = {
				INFOPLIST_FILE = ISOdemoUITests/Info.plist;
				LD_RUNPATH_SEARCH_PATHS = "$(inherited) @executable_path/Frameworks @loader_path/Frameworks";
				PRODUCT_BUNDLE_IDENTIFIER = com.GxGame.ISOdemoUITests;
				PRODUCT_NAME = "$(TARGET_NAME)";
				TEST_TARGET_NAME = ISOdemo;
				USES_XCTRUNNER = YES;
			};
			name = Debug;
		};
		EA49F3601BD00B5300F3C5A8 /* Release */ = {
			isa = XCBuildConfiguration;
			buildSettings = {
				INFOPLIST_FILE = ISOdemoUITests/Info.plist;
				LD_RUNPATH_SEARCH_PATHS = "$(inherited) @executable_path/Frameworks @loader_path/Frameworks";
				PRODUCT_BUNDLE_IDENTIFIER = com.GxGame.ISOdemoUITests;
				PRODUCT_NAME = "$(TARGET_NAME)";
				TEST_TARGET_NAME = ISOdemo;
				USES_XCTRUNNER = YES;
			};
			name = Release;
		};
/* End XCBuildConfiguration section */

/* Begin XCConfigurationList section */
		EA49F3261BD00B5300F3C5A8 /* Build configuration list for PBXProject "ISOdemo" */ = {
			isa = XCConfigurationList;
			buildConfigurations = (
				EA49F3561BD00B5300F3C5A8 /* Debug */,
				EA49F3571BD00B5300F3C5A8 /* Release */,
			);
			defaultConfigurationIsVisible = 0;
			defaultConfigurationName = Release;
		};
		EA49F3581BD00B5300F3C5A8 /* Build configuration list for PBXNativeTarget "ISOdemo" */ = {
			isa = XCConfigurationList;
			buildConfigurations = (
				EA49F3591BD00B5300F3C5A8 /* Debug */,
				EA49F35A1BD00B5300F3C5A8 /* Release */,
			);
			defaultConfigurationIsVisible = 0;
			defaultConfigurationName = Release;
		};
		EA49F35B1BD00B5300F3C5A8 /* Build configuration list for PBXNativeTarget "ISOdemoTests" */ = {
			isa = XCConfigurationList;
			buildConfigurations = (
				EA49F35C1BD00B5300F3C5A8 /* Debug */,
				EA49F35D1BD00B5300F3C5A8 /* Release */,
			);
			defaultConfigurationIsVisible = 0;
			defaultConfigurationName = Release;
		};
		EA49F35E1BD00B5300F3C5A8 /* Build configuration list for PBXNativeTarget "ISOdemoUITests" */ = {
			isa = XCConfigurationList;
			buildConfigurations = (
				EA49F35F1BD00B5300F3C5A8 /* Debug */,
				EA49F3601BD00B5300F3C5A8 /* Release */,
			);
			defaultConfigurationIsVisible = 0;
			defaultConfigurationName = Release;
		};
/* End XCConfigurationList section */
	};
	rootObject = EA49F3231BD00B5300F3C5A8 /* Project object */;
}
