// !$*UTF8*$!
{
	archiveVersion = 1;
	classes = {
	};
	objectVersion = 46;
	objects = {

/* Begin PBXBuildFile section */
		EAA1CEF519FFD788006D42C3 /* main.cpp in Sources */ = {isa = PBXBuildFile; fileRef = EAA1CEF419FFD788006D42C3 /* main.cpp */; };
		EAA1CF0119FFD8AC006D42C3 /* TestAnimation.cpp in Sources */ = {isa = PBXBuildFile; fileRef = EAA1CEFB19FFD8AC006D42C3 /* TestAnimation.cpp */; };
		EAA1CF0219FFD8AC006D42C3 /* TestLines.cpp in Sources */ = {isa = PBXBuildFile; fileRef = EAA1CEFD19FFD8AC006D42C3 /* TestLines.cpp */; };
		EAA1CF0319FFD8AC006D42C3 /* TestVertexArray.cpp in Sources */ = {isa = PBXBuildFile; fileRef = EAA1CEFF19FFD8AC006D42C3 /* TestVertexArray.cpp */; };
		EAA1CF0519FFF238006D42C3 /* OpenGL.framework in Frameworks */ = {isa = PBXBuildFile; fileRef = EAA1CF0419FFF238006D42C3 /* OpenGL.framework */; };
		EAA1CF0719FFF242006D42C3 /* GLUT.framework in Frameworks */ = {isa = PBXBuildFile; fileRef = EAA1CF0619FFF242006D42C3 /* GLUT.framework */; };
		EACED30A1A02A1DB0090C181 /* COpenGLBase.cpp in Sources */ = {isa = PBXBuildFile; fileRef = EACED3081A02A1DB0090C181 /* COpenGLBase.cpp */; };
/* End PBXBuildFile section */

/* Begin PBXCopyFilesBuildPhase section */
		EAA1CEEF19FFD788006D42C3 /* CopyFiles */ = {
			isa = PBXCopyFilesBuildPhase;
			buildActionMask = 2147483647;
			dstPath = /usr/share/man/man1/;
			dstSubfolderSpec = 0;
			files = (
			);
			runOnlyForDeploymentPostprocessing = 1;
		};
/* End PBXCopyFilesBuildPhase section */

/* Begin PBXFileReference section */
		EAA1CEF119FFD788006D42C3 /* MacOpenGL.temp_caseinsensitive_rename */ = {isa = PBXFileReference; explicitFileType = "compiled.mach-o.executable"; includeInIndex = 0; path = MacOpenGL.temp_caseinsensitive_rename; sourceTree = BUILT_PRODUCTS_DIR; };
		EAA1CEF419FFD788006D42C3 /* main.cpp */ = {isa = PBXFileReference; lastKnownFileType = sourcecode.cpp.cpp; path = main.cpp; sourceTree = "<group>"; };
		EAA1CEFB19FFD8AC006D42C3 /* TestAnimation.cpp */ = {isa = PBXFileReference; fileEncoding = 4; lastKnownFileType = sourcecode.cpp.cpp; path = TestAnimation.cpp; sourceTree = "<group>"; };
		EAA1CEFC19FFD8AC006D42C3 /* TestAnimation.h */ = {isa = PBXFileReference; fileEncoding = 4; lastKnownFileType = sourcecode.c.h; path = TestAnimation.h; sourceTree = "<group>"; };
		EAA1CEFD19FFD8AC006D42C3 /* TestLines.cpp */ = {isa = PBXFileReference; fileEncoding = 4; lastKnownFileType = sourcecode.cpp.cpp; path = TestLines.cpp; sourceTree = "<group>"; };
		EAA1CEFE19FFD8AC006D42C3 /* TestLines.h */ = {isa = PBXFileReference; fileEncoding = 4; lastKnownFileType = sourcecode.c.h; path = TestLines.h; sourceTree = "<group>"; };
		EAA1CEFF19FFD8AC006D42C3 /* TestVertexArray.cpp */ = {isa = PBXFileReference; fileEncoding = 4; lastKnownFileType = sourcecode.cpp.cpp; path = TestVertexArray.cpp; sourceTree = "<group>"; };
		EAA1CF0019FFD8AC006D42C3 /* TestVertexArray.h */ = {isa = PBXFileReference; fileEncoding = 4; lastKnownFileType = sourcecode.c.h; path = TestVertexArray.h; sourceTree = "<group>"; };
		EAA1CF0419FFF238006D42C3 /* OpenGL.framework */ = {isa = PBXFileReference; lastKnownFileType = wrapper.framework; name = OpenGL.framework; path = System/Library/Frameworks/OpenGL.framework; sourceTree = SDKROOT; };
		EAA1CF0619FFF242006D42C3 /* GLUT.framework */ = {isa = PBXFileReference; lastKnownFileType = wrapper.framework; name = GLUT.framework; path = System/Library/Frameworks/GLUT.framework; sourceTree = SDKROOT; };
		EACED3081A02A1DB0090C181 /* COpenGLBase.cpp */ = {isa = PBXFileReference; fileEncoding = 4; lastKnownFileType = sourcecode.cpp.cpp; path = COpenGLBase.cpp; sourceTree = "<group>"; };
		EACED3091A02A1DB0090C181 /* COpenGLBase.h */ = {isa = PBXFileReference; fileEncoding = 4; lastKnownFileType = sourcecode.c.h; path = COpenGLBase.h; sourceTree = "<group>"; };
/* End PBXFileReference section */

/* Begin PBXFrameworksBuildPhase section */
		EAA1CEEE19FFD788006D42C3 /* Frameworks */ = {
			isa = PBXFrameworksBuildPhase;
			buildActionMask = 2147483647;
			files = (
				EAA1CF0719FFF242006D42C3 /* GLUT.framework in Frameworks */,
				EAA1CF0519FFF238006D42C3 /* OpenGL.framework in Frameworks */,
			);
			runOnlyForDeploymentPostprocessing = 0;
		};
/* End PBXFrameworksBuildPhase section */

/* Begin PBXGroup section */
		EAA1CEE819FFD788006D42C3 = {
			isa = PBXGroup;
			children = (
				EAA1CEF319FFD788006D42C3 /* Classes */,
				EACED3061A02A0E80090C181 /* lib */,
				EAA1CEF219FFD788006D42C3 /* Products */,
			);
			sourceTree = "<group>";
		};
		EAA1CEF219FFD788006D42C3 /* Products */ = {
			isa = PBXGroup;
			children = (
				EAA1CEF119FFD788006D42C3 /* MacOpenGL.temp_caseinsensitive_rename */,
			);
			name = Products;
			sourceTree = "<group>";
		};
		EAA1CEF319FFD788006D42C3 /* Classes */ = {
			isa = PBXGroup;
			children = (
				EACED3071A02A1820090C181 /* OpenGl */,
				EAA1CEFB19FFD8AC006D42C3 /* TestAnimation.cpp */,
				EAA1CEFC19FFD8AC006D42C3 /* TestAnimation.h */,
				EAA1CEFD19FFD8AC006D42C3 /* TestLines.cpp */,
				EAA1CEFE19FFD8AC006D42C3 /* TestLines.h */,
				EAA1CEFF19FFD8AC006D42C3 /* TestVertexArray.cpp */,
				EAA1CF0019FFD8AC006D42C3 /* TestVertexArray.h */,
				EAA1CEF419FFD788006D42C3 /* main.cpp */,
			);
			name = Classes;
			path = MacOpenGl;
			sourceTree = "<group>";
		};
		EACED3061A02A0E80090C181 /* lib */ = {
			isa = PBXGroup;
			children = (
				EAA1CF0619FFF242006D42C3 /* GLUT.framework */,
				EAA1CF0419FFF238006D42C3 /* OpenGL.framework */,
			);
			name = lib;
			sourceTree = "<group>";
		};
		EACED3071A02A1820090C181 /* OpenGl */ = {
			isa = PBXGroup;
			children = (
				EACED3081A02A1DB0090C181 /* COpenGLBase.cpp */,
				EACED3091A02A1DB0090C181 /* COpenGLBase.h */,
			);
			name = OpenGl;
			sourceTree = "<group>";
		};
/* End PBXGroup section */

/* Begin PBXNativeTarget section */
		EAA1CEF019FFD788006D42C3 /* MacOpenGL.temp_caseinsensitive_rename */ = {
			isa = PBXNativeTarget;
			buildConfigurationList = EAA1CEF819FFD788006D42C3 /* Build configuration list for PBXNativeTarget "MacOpenGL.temp_caseinsensitive_rename" */;
			buildPhases = (
				EAA1CEED19FFD788006D42C3 /* Sources */,
				EAA1CEEE19FFD788006D42C3 /* Frameworks */,
				EAA1CEEF19FFD788006D42C3 /* CopyFiles */,
			);
			buildRules = (
			);
			dependencies = (
			);
			name = MacOpenGL.temp_caseinsensitive_rename;
			productName = MacOpenGl;
			productReference = EAA1CEF119FFD788006D42C3 /* MacOpenGL.temp_caseinsensitive_rename */;
			productType = "com.apple.product-type.tool";
		};
/* End PBXNativeTarget section */

/* Begin PBXProject section */
		EAA1CEE919FFD788006D42C3 /* Project object */ = {
			isa = PBXProject;
			attributes = {
				LastUpgradeCheck = 0610;
				ORGANIZATIONNAME = gongxun;
				TargetAttributes = {
					EAA1CEF019FFD788006D42C3 = {
						CreatedOnToolsVersion = 6.1;
					};
				};
			};
			buildConfigurationList = EAA1CEEC19FFD788006D42C3 /* Build configuration list for PBXProject "MacOpenGL" */;
			compatibilityVersion = "Xcode 3.2";
			developmentRegion = English;
			hasScannedForEncodings = 0;
			knownRegions = (
				en,
			);
			mainGroup = EAA1CEE819FFD788006D42C3;
			productRefGroup = EAA1CEF219FFD788006D42C3 /* Products */;
			projectDirPath = "";
			projectRoot = "";
			targets = (
				EAA1CEF019FFD788006D42C3 /* MacOpenGL.temp_caseinsensitive_rename */,
			);
		};
/* End PBXProject section */

/* Begin PBXSourcesBuildPhase section */
		EAA1CEED19FFD788006D42C3 /* Sources */ = {
			isa = PBXSourcesBuildPhase;
			buildActionMask = 2147483647;
			files = (
				EAA1CF0119FFD8AC006D42C3 /* TestAnimation.cpp in Sources */,
				EAA1CF0319FFD8AC006D42C3 /* TestVertexArray.cpp in Sources */,
				EAA1CF0219FFD8AC006D42C3 /* TestLines.cpp in Sources */,
				EACED30A1A02A1DB0090C181 /* COpenGLBase.cpp in Sources */,
				EAA1CEF519FFD788006D42C3 /* main.cpp in Sources */,
			);
			runOnlyForDeploymentPostprocessing = 0;
		};
/* End PBXSourcesBuildPhase section */

/* Begin XCBuildConfiguration section */
		EAA1CEF619FFD788006D42C3 /* Debug */ = {
			isa = XCBuildConfiguration;
			buildSettings = {
				ALWAYS_SEARCH_USER_PATHS = NO;
				CLANG_CXX_LANGUAGE_STANDARD = "gnu++0x";
				CLANG_CXX_LIBRARY = "libc++";
				CLANG_ENABLE_MODULES = YES;
				CLANG_ENABLE_OBJC_ARC = YES;
				CLANG_WARN_BOOL_CONVERSION = YES;
				CLANG_WARN_CONSTANT_CONVERSION = YES;
				CLANG_WARN_DIRECT_OBJC_ISA_USAGE = YES_ERROR;
				CLANG_WARN_EMPTY_BODY = YES;
				CLANG_WARN_ENUM_CONVERSION = YES;
				CLANG_WARN_INT_CONVERSION = YES;
				CLANG_WARN_OBJC_ROOT_CLASS = YES_ERROR;
				CLANG_WARN_UNREACHABLE_CODE = YES;
				CLANG_WARN__DUPLICATE_METHOD_MATCH = YES;
				COPY_PHASE_STRIP = NO;
				ENABLE_STRICT_OBJC_MSGSEND = YES;
				GCC_C_LANGUAGE_STANDARD = gnu99;
				GCC_DYNAMIC_NO_PIC = NO;
				GCC_OPTIMIZATION_LEVEL = 0;
				GCC_PREPROCESSOR_DEFINITIONS = (
					"DEBUG=1",
					"$(inherited)",
				);
				GCC_SYMBOLS_PRIVATE_EXTERN = NO;
				GCC_WARN_64_TO_32_BIT_CONVERSION = YES;
				GCC_WARN_ABOUT_RETURN_TYPE = YES_ERROR;
				GCC_WARN_UNDECLARED_SELECTOR = YES;
				GCC_WARN_UNINITIALIZED_AUTOS = YES_AGGRESSIVE;
				GCC_WARN_UNUSED_FUNCTION = YES;
				GCC_WARN_UNUSED_VARIABLE = YES;
				MACOSX_DEPLOYMENT_TARGET = 10.10;
				MTL_ENABLE_DEBUG_INFO = YES;
				ONLY_ACTIVE_ARCH = YES;
				SDKROOT = macosx;
			};
			name = Debug;
		};
		EAA1CEF719FFD788006D42C3 /* Release */ = {
			isa = XCBuildConfiguration;
			buildSettings = {
				ALWAYS_SEARCH_USER_PATHS = NO;
				CLANG_CXX_LANGUAGE_STANDARD = "gnu++0x";
				CLANG_CXX_LIBRARY = "libc++";
				CLANG_ENABLE_MODULES = YES;
				CLANG_ENABLE_OBJC_ARC = YES;
				CLANG_WARN_BOOL_CONVERSION = YES;
				CLANG_WARN_CONSTANT_CONVERSION = YES;
				CLANG_WARN_DIRECT_OBJC_ISA_USAGE = YES_ERROR;
				CLANG_WARN_EMPTY_BODY = YES;
				CLANG_WARN_ENUM_CONVERSION = YES;
				CLANG_WARN_INT_CONVERSION = YES;
				CLANG_WARN_OBJC_ROOT_CLASS = YES_ERROR;
				CLANG_WARN_UNREACHABLE_CODE = YES;
				CLANG_WARN__DUPLICATE_METHOD_MATCH = YES;
				COPY_PHASE_STRIP = YES;
				DEBUG_INFORMATION_FORMAT = "dwarf-with-dsym";
				ENABLE_NS_ASSERTIONS = NO;
				ENABLE_STRICT_OBJC_MSGSEND = YES;
				GCC_C_LANGUAGE_STANDARD = gnu99;
				GCC_WARN_64_TO_32_BIT_CONVERSION = YES;
				GCC_WARN_ABOUT_RETURN_TYPE = YES_ERROR;
				GCC_WARN_UNDECLARED_SELECTOR = YES;
				GCC_WARN_UNINITIALIZED_AUTOS = YES_AGGRESSIVE;
				GCC_WARN_UNUSED_FUNCTION = YES;
				GCC_WARN_UNUSED_VARIABLE = YES;
				MACOSX_DEPLOYMENT_TARGET = 10.10;
				MTL_ENABLE_DEBUG_INFO = NO;
				SDKROOT = macosx;
			};
			name = Release;
		};
		EAA1CEF919FFD788006D42C3 /* Debug */ = {
			isa = XCBuildConfiguration;
			buildSettings = {
				PRODUCT_NAME = MacOpenGL.temp_caseinsensitive_rename;
			};
			name = Debug;
		};
		EAA1CEFA19FFD788006D42C3 /* Release */ = {
			isa = XCBuildConfiguration;
			buildSettings = {
				PRODUCT_NAME = MacOpenGL.temp_caseinsensitive_rename;
			};
			name = Release;
		};
/* End XCBuildConfiguration section */

/* Begin XCConfigurationList section */
		EAA1CEEC19FFD788006D42C3 /* Build configuration list for PBXProject "MacOpenGL" */ = {
			isa = XCConfigurationList;
			buildConfigurations = (
				EAA1CEF619FFD788006D42C3 /* Debug */,
				EAA1CEF719FFD788006D42C3 /* Release */,
			);
			defaultConfigurationIsVisible = 0;
			defaultConfigurationName = Release;
		};
		EAA1CEF819FFD788006D42C3 /* Build configuration list for PBXNativeTarget "MacOpenGL.temp_caseinsensitive_rename" */ = {
			isa = XCConfigurationList;
			buildConfigurations = (
				EAA1CEF919FFD788006D42C3 /* Debug */,
				EAA1CEFA19FFD788006D42C3 /* Release */,
			);
			defaultConfigurationIsVisible = 0;
			defaultConfigurationName = Release;
		};
/* End XCConfigurationList section */
	};
	rootObject = EAA1CEE919FFD788006D42C3 /* Project object */;
}
