// !$*UTF8*$!
{
	archiveVersion = 1;
	classes = {
	};
	objectVersion = 46;
	objects = {

/* Begin PBXBuildFile section */
		EA1FB3371A1CC6250023F3E3 /* CPrimitives.cpp in Sources */ = {isa = PBXBuildFile; fileRef = EA1FB3351A1CC6250023F3E3 /* CPrimitives.cpp */; };
		EA1FB33A1A1CCAF70023F3E3 /* COpenGLBase.cpp in Sources */ = {isa = PBXBuildFile; fileRef = EA1FB3381A1CCAF70023F3E3 /* COpenGLBase.cpp */; };
		EA5442D91A105CD3002AD2B3 /* libGLTools.a in Frameworks */ = {isa = PBXBuildFile; fileRef = EA5442D81A105CD3002AD2B3 /* libGLTools.a */; };
		EA5442DB1A105CF9002AD2B3 /* OpenGL.framework in Frameworks */ = {isa = PBXBuildFile; fileRef = EA5442DA1A105CF9002AD2B3 /* OpenGL.framework */; };
		EA5442DD1A105D04002AD2B3 /* GLUT.framework in Frameworks */ = {isa = PBXBuildFile; fileRef = EA5442DC1A105D04002AD2B3 /* GLUT.framework */; };
		EA5442E81A1062DB002AD2B3 /* Triangle.cpp in Sources */ = {isa = PBXBuildFile; fileRef = EA5442E61A1062DB002AD2B3 /* Triangle.cpp */; };
		EA57EBC81A41D5840043BC72 /* CBlending.cpp in Sources */ = {isa = PBXBuildFile; fileRef = EA57EBC61A41D5840043BC72 /* CBlending.cpp */; };
		EA57EBCB1A41E4320043BC72 /* CSmoother.cpp in Sources */ = {isa = PBXBuildFile; fileRef = EA57EBC91A41E4320043BC72 /* CSmoother.cpp */; };
		EA59CB111A7684F9001A19DA /* CLight.cpp in Sources */ = {isa = PBXBuildFile; fileRef = EA59CB0F1A7684F9001A19DA /* CLight.cpp */; };
		EA5D243F1A6353F20023CF0C /* stone.tga in Resources */ = {isa = PBXBuildFile; fileRef = EA5D243E1A6353F20023CF0C /* stone.tga */; };
		EA6F44371A5D9AED002E6A94 /* COrthoGraphic.cpp in Sources */ = {isa = PBXBuildFile; fileRef = EA6F44351A5D9AED002E6A94 /* COrthoGraphic.cpp */; };
		EA8529DE1A63AFD0001F97C9 /* CPyramid.cpp in Sources */ = {isa = PBXBuildFile; fileRef = EA8529DC1A63AFD0001F97C9 /* CPyramid.cpp */; };
		EA8DCDFC1A66406E009124A1 /* CTunnel.cpp in Sources */ = {isa = PBXBuildFile; fileRef = EA8DCDFA1A66406E009124A1 /* CTunnel.cpp */; };
		EA9C72721A6FA3F9005B4F93 /* CShadedTriangle.cpp in Sources */ = {isa = PBXBuildFile; fileRef = EA9C72701A6FA3F9005B4F93 /* CShadedTriangle.cpp */; };
		EAA1CEF519FFD788006D42C3 /* main.cpp in Sources */ = {isa = PBXBuildFile; fileRef = EAA1CEF419FFD788006D42C3 /* main.cpp */; };
		EAA1CF0119FFD8AC006D42C3 /* TestAnimation.cpp in Sources */ = {isa = PBXBuildFile; fileRef = EAA1CEFB19FFD8AC006D42C3 /* TestAnimation.cpp */; };
		EAA1CF0219FFD8AC006D42C3 /* TestLines.cpp in Sources */ = {isa = PBXBuildFile; fileRef = EAA1CEFD19FFD8AC006D42C3 /* TestLines.cpp */; };
		EAA1CF0319FFD8AC006D42C3 /* TestVertexArray.cpp in Sources */ = {isa = PBXBuildFile; fileRef = EAA1CEFF19FFD8AC006D42C3 /* TestVertexArray.cpp */; };
		EABADF991A5BEBBD00C4A757 /* CObjects.cpp in Sources */ = {isa = PBXBuildFile; fileRef = EABADF971A5BEBBD00C4A757 /* CObjects.cpp */; };
		EAC2A4DF1A39F0AF00B3B0E8 /* COpenGLFunc.cpp in Sources */ = {isa = PBXBuildFile; fileRef = EAC2A4DD1A39F0AF00B3B0E8 /* COpenGLFunc.cpp */; };
		EAD076021A08F49A00BAA734 /* TestPrimrestart.cpp in Sources */ = {isa = PBXBuildFile; fileRef = EAD076001A08F49A00BAA734 /* TestPrimrestart.cpp */; };
		EAD578491A5E5B8F00394A3F /* CModelviewProjection.cpp in Sources */ = {isa = PBXBuildFile; fileRef = EAD578471A5E5B8F00394A3F /* CModelviewProjection.cpp */; };
		EAD5784E1A5E6C3200394A3F /* CSphereWorld.cpp in Sources */ = {isa = PBXBuildFile; fileRef = EAD5784C1A5E6C3200394A3F /* CSphereWorld.cpp */; };
		EAFDBD691A5AF6E100A4E6AA /* CMove.cpp in Sources */ = {isa = PBXBuildFile; fileRef = EAFDBD671A5AF6E100A4E6AA /* CMove.cpp */; };
/* End PBXBuildFile section */

/* Begin PBXCopyFilesBuildPhase section */
		EAA1CEEF19FFD788006D42C3 /* CopyFiles */ = {
			isa = PBXCopyFilesBuildPhase;
			buildActionMask = 12;
			dstPath = /usr/share/man/man1;
			dstSubfolderSpec = 0;
			files = (
			);
			runOnlyForDeploymentPostprocessing = 0;
		};
/* End PBXCopyFilesBuildPhase section */

/* Begin PBXFileReference section */
		EA1FB3351A1CC6250023F3E3 /* CPrimitives.cpp */ = {isa = PBXFileReference; fileEncoding = 4; lastKnownFileType = sourcecode.cpp.cpp; name = CPrimitives.cpp; path = MacOpenGL/Blue/CPrimitives.cpp; sourceTree = SOURCE_ROOT; };
		EA1FB3361A1CC6250023F3E3 /* CPrimitives.h */ = {isa = PBXFileReference; fileEncoding = 4; lastKnownFileType = sourcecode.c.h; name = CPrimitives.h; path = MacOpenGL/Blue/CPrimitives.h; sourceTree = SOURCE_ROOT; };
		EA1FB3381A1CCAF70023F3E3 /* COpenGLBase.cpp */ = {isa = PBXFileReference; fileEncoding = 4; lastKnownFileType = sourcecode.cpp.cpp; name = COpenGLBase.cpp; path = MacOpenGL/COpenGLBase.cpp; sourceTree = SOURCE_ROOT; };
		EA1FB3391A1CCAF70023F3E3 /* COpenGLBase.h */ = {isa = PBXFileReference; fileEncoding = 4; lastKnownFileType = sourcecode.c.h; name = COpenGLBase.h; path = MacOpenGL/COpenGLBase.h; sourceTree = SOURCE_ROOT; };
		EA5442D81A105CD3002AD2B3 /* libGLTools.a */ = {isa = PBXFileReference; lastKnownFileType = archive.ar; name = libGLTools.a; path = ../../../../Documents/work/oglsuperbible5/XCode/GLTools/libGLTools.a; sourceTree = "<group>"; };
		EA5442DA1A105CF9002AD2B3 /* OpenGL.framework */ = {isa = PBXFileReference; lastKnownFileType = wrapper.framework; name = OpenGL.framework; path = System/Library/Frameworks/OpenGL.framework; sourceTree = SDKROOT; };
		EA5442DC1A105D04002AD2B3 /* GLUT.framework */ = {isa = PBXFileReference; lastKnownFileType = wrapper.framework; name = GLUT.framework; path = System/Library/Frameworks/GLUT.framework; sourceTree = SDKROOT; };
		EA5442E61A1062DB002AD2B3 /* Triangle.cpp */ = {isa = PBXFileReference; fileEncoding = 4; lastKnownFileType = sourcecode.cpp.cpp; name = Triangle.cpp; path = MacOpenGL/Blue/Triangle.cpp; sourceTree = SOURCE_ROOT; };
		EA5442E71A1062DB002AD2B3 /* Triangle.h */ = {isa = PBXFileReference; fileEncoding = 4; lastKnownFileType = sourcecode.c.h; name = Triangle.h; path = MacOpenGL/Blue/Triangle.h; sourceTree = SOURCE_ROOT; };
		EA57EBC61A41D5840043BC72 /* CBlending.cpp */ = {isa = PBXFileReference; fileEncoding = 4; lastKnownFileType = sourcecode.cpp.cpp; name = CBlending.cpp; path = MacOpenGL/Blue/CBlending.cpp; sourceTree = SOURCE_ROOT; };
		EA57EBC71A41D5840043BC72 /* CBlending.h */ = {isa = PBXFileReference; fileEncoding = 4; lastKnownFileType = sourcecode.c.h; name = CBlending.h; path = MacOpenGL/Blue/CBlending.h; sourceTree = SOURCE_ROOT; };
		EA57EBC91A41E4320043BC72 /* CSmoother.cpp */ = {isa = PBXFileReference; fileEncoding = 4; lastKnownFileType = sourcecode.cpp.cpp; name = CSmoother.cpp; path = MacOpenGL/Blue/CSmoother.cpp; sourceTree = SOURCE_ROOT; };
		EA57EBCA1A41E4320043BC72 /* CSmoother.h */ = {isa = PBXFileReference; fileEncoding = 4; lastKnownFileType = sourcecode.c.h; name = CSmoother.h; path = MacOpenGL/Blue/CSmoother.h; sourceTree = SOURCE_ROOT; };
		EA59CB0F1A7684F9001A19DA /* CLight.cpp */ = {isa = PBXFileReference; fileEncoding = 4; lastKnownFileType = sourcecode.cpp.cpp; name = CLight.cpp; path = MacOpenGL/Blue/CLight.cpp; sourceTree = SOURCE_ROOT; };
		EA59CB101A7684F9001A19DA /* CLight.h */ = {isa = PBXFileReference; fileEncoding = 4; lastKnownFileType = sourcecode.c.h; name = CLight.h; path = MacOpenGL/Blue/CLight.h; sourceTree = SOURCE_ROOT; };
		EA5D243E1A6353F20023CF0C /* stone.tga */ = {isa = PBXFileReference; lastKnownFileType = file; path = stone.tga; sourceTree = "<group>"; };
		EA6F44351A5D9AED002E6A94 /* COrthoGraphic.cpp */ = {isa = PBXFileReference; fileEncoding = 4; lastKnownFileType = sourcecode.cpp.cpp; name = COrthoGraphic.cpp; path = MacOpenGL/Blue/COrthoGraphic.cpp; sourceTree = SOURCE_ROOT; };
		EA6F44361A5D9AED002E6A94 /* COrthoGraphic.h */ = {isa = PBXFileReference; fileEncoding = 4; lastKnownFileType = sourcecode.c.h; name = COrthoGraphic.h; path = MacOpenGL/Blue/COrthoGraphic.h; sourceTree = SOURCE_ROOT; };
		EA8529DC1A63AFD0001F97C9 /* CPyramid.cpp */ = {isa = PBXFileReference; fileEncoding = 4; lastKnownFileType = sourcecode.cpp.cpp; name = CPyramid.cpp; path = MacOpenGL/Blue/CPyramid.cpp; sourceTree = SOURCE_ROOT; };
		EA8529DD1A63AFD0001F97C9 /* CPyramid.h */ = {isa = PBXFileReference; fileEncoding = 4; lastKnownFileType = sourcecode.c.h; name = CPyramid.h; path = MacOpenGL/Blue/CPyramid.h; sourceTree = SOURCE_ROOT; };
		EA8DCDFA1A66406E009124A1 /* CTunnel.cpp */ = {isa = PBXFileReference; fileEncoding = 4; lastKnownFileType = sourcecode.cpp.cpp; name = CTunnel.cpp; path = MacOpenGL/Blue/CTunnel.cpp; sourceTree = SOURCE_ROOT; };
		EA8DCDFB1A66406E009124A1 /* CTunnel.h */ = {isa = PBXFileReference; fileEncoding = 4; lastKnownFileType = sourcecode.c.h; name = CTunnel.h; path = MacOpenGL/Blue/CTunnel.h; sourceTree = SOURCE_ROOT; };
		EA9C72701A6FA3F9005B4F93 /* CShadedTriangle.cpp */ = {isa = PBXFileReference; fileEncoding = 4; lastKnownFileType = sourcecode.cpp.cpp; name = CShadedTriangle.cpp; path = MacOpenGL/Blue/CShadedTriangle.cpp; sourceTree = SOURCE_ROOT; };
		EA9C72711A6FA3F9005B4F93 /* CShadedTriangle.h */ = {isa = PBXFileReference; fileEncoding = 4; lastKnownFileType = sourcecode.c.h; name = CShadedTriangle.h; path = MacOpenGL/Blue/CShadedTriangle.h; sourceTree = SOURCE_ROOT; };
		EAA1CEF119FFD788006D42C3 /* MacOpenGL.temp_caseinsensitive_rename */ = {isa = PBXFileReference; explicitFileType = "compiled.mach-o.executable"; includeInIndex = 0; path = MacOpenGL.temp_caseinsensitive_rename; sourceTree = BUILT_PRODUCTS_DIR; };
		EAA1CEF419FFD788006D42C3 /* main.cpp */ = {isa = PBXFileReference; fileEncoding = 4; lastKnownFileType = sourcecode.cpp.cpp; path = main.cpp; sourceTree = "<group>"; };
		EAA1CEFB19FFD8AC006D42C3 /* TestAnimation.cpp */ = {isa = PBXFileReference; fileEncoding = 4; lastKnownFileType = sourcecode.cpp.cpp; path = TestAnimation.cpp; sourceTree = "<group>"; };
		EAA1CEFC19FFD8AC006D42C3 /* TestAnimation.h */ = {isa = PBXFileReference; fileEncoding = 4; lastKnownFileType = sourcecode.c.h; path = TestAnimation.h; sourceTree = "<group>"; };
		EAA1CEFD19FFD8AC006D42C3 /* TestLines.cpp */ = {isa = PBXFileReference; fileEncoding = 4; lastKnownFileType = sourcecode.cpp.cpp; path = TestLines.cpp; sourceTree = "<group>"; };
		EAA1CEFE19FFD8AC006D42C3 /* TestLines.h */ = {isa = PBXFileReference; fileEncoding = 4; lastKnownFileType = sourcecode.c.h; path = TestLines.h; sourceTree = "<group>"; };
		EAA1CEFF19FFD8AC006D42C3 /* TestVertexArray.cpp */ = {isa = PBXFileReference; fileEncoding = 4; lastKnownFileType = sourcecode.cpp.cpp; path = TestVertexArray.cpp; sourceTree = "<group>"; };
		EAA1CF0019FFD8AC006D42C3 /* TestVertexArray.h */ = {isa = PBXFileReference; fileEncoding = 4; lastKnownFileType = sourcecode.c.h; path = TestVertexArray.h; sourceTree = "<group>"; };
		EABADF971A5BEBBD00C4A757 /* CObjects.cpp */ = {isa = PBXFileReference; fileEncoding = 4; lastKnownFileType = sourcecode.cpp.cpp; name = CObjects.cpp; path = MacOpenGL/Blue/CObjects.cpp; sourceTree = SOURCE_ROOT; };
		EABADF981A5BEBBD00C4A757 /* CObjects.h */ = {isa = PBXFileReference; fileEncoding = 4; lastKnownFileType = sourcecode.c.h; name = CObjects.h; path = MacOpenGL/Blue/CObjects.h; sourceTree = SOURCE_ROOT; };
		EAC2A4DD1A39F0AF00B3B0E8 /* COpenGLFunc.cpp */ = {isa = PBXFileReference; fileEncoding = 4; lastKnownFileType = sourcecode.cpp.cpp; name = COpenGLFunc.cpp; path = MacOpenGL/COpenGLFunc.cpp; sourceTree = SOURCE_ROOT; };
		EAC2A4DE1A39F0AF00B3B0E8 /* COpenGLFunc.h */ = {isa = PBXFileReference; fileEncoding = 4; lastKnownFileType = sourcecode.c.h; name = COpenGLFunc.h; path = MacOpenGL/COpenGLFunc.h; sourceTree = SOURCE_ROOT; };
		EAD076001A08F49A00BAA734 /* TestPrimrestart.cpp */ = {isa = PBXFileReference; fileEncoding = 4; lastKnownFileType = sourcecode.cpp.cpp; name = TestPrimrestart.cpp; path = MacOpenGL/TestPrimrestart.cpp; sourceTree = SOURCE_ROOT; };
		EAD076011A08F49A00BAA734 /* TestPrimrestart.h */ = {isa = PBXFileReference; fileEncoding = 4; lastKnownFileType = sourcecode.c.h; name = TestPrimrestart.h; path = MacOpenGL/TestPrimrestart.h; sourceTree = SOURCE_ROOT; };
		EAD578471A5E5B8F00394A3F /* CModelviewProjection.cpp */ = {isa = PBXFileReference; fileEncoding = 4; lastKnownFileType = sourcecode.cpp.cpp; name = CModelviewProjection.cpp; path = MacOpenGL/Blue/CModelviewProjection.cpp; sourceTree = SOURCE_ROOT; };
		EAD578481A5E5B8F00394A3F /* CModelviewProjection.h */ = {isa = PBXFileReference; fileEncoding = 4; lastKnownFileType = sourcecode.c.h; name = CModelviewProjection.h; path = MacOpenGL/Blue/CModelviewProjection.h; sourceTree = SOURCE_ROOT; };
		EAD5784C1A5E6C3200394A3F /* CSphereWorld.cpp */ = {isa = PBXFileReference; fileEncoding = 4; lastKnownFileType = sourcecode.cpp.cpp; name = CSphereWorld.cpp; path = MacOpenGL/Blue/CSphereWorld.cpp; sourceTree = SOURCE_ROOT; };
		EAD5784D1A5E6C3200394A3F /* CSphereWorld.h */ = {isa = PBXFileReference; fileEncoding = 4; lastKnownFileType = sourcecode.c.h; name = CSphereWorld.h; path = MacOpenGL/Blue/CSphereWorld.h; sourceTree = SOURCE_ROOT; };
		EAFDBD671A5AF6E100A4E6AA /* CMove.cpp */ = {isa = PBXFileReference; fileEncoding = 4; lastKnownFileType = sourcecode.cpp.cpp; name = CMove.cpp; path = MacOpenGL/Blue/CMove.cpp; sourceTree = SOURCE_ROOT; };
		EAFDBD681A5AF6E100A4E6AA /* CMove.h */ = {isa = PBXFileReference; fileEncoding = 4; lastKnownFileType = sourcecode.c.h; name = CMove.h; path = MacOpenGL/Blue/CMove.h; sourceTree = SOURCE_ROOT; };
/* End PBXFileReference section */

/* Begin PBXFrameworksBuildPhase section */
		EAA1CEEE19FFD788006D42C3 /* Frameworks */ = {
			isa = PBXFrameworksBuildPhase;
			buildActionMask = 2147483647;
			files = (
				EA5442DD1A105D04002AD2B3 /* GLUT.framework in Frameworks */,
				EA5442DB1A105CF9002AD2B3 /* OpenGL.framework in Frameworks */,
				EA5442D91A105CD3002AD2B3 /* libGLTools.a in Frameworks */,
			);
			runOnlyForDeploymentPostprocessing = 0;
		};
/* End PBXFrameworksBuildPhase section */

/* Begin PBXGroup section */
		EA5442E11A1062B3002AD2B3 /* Blue */ = {
			isa = PBXGroup;
			children = (
				EA5442E61A1062DB002AD2B3 /* Triangle.cpp */,
				EA5442E71A1062DB002AD2B3 /* Triangle.h */,
				EA1FB3351A1CC6250023F3E3 /* CPrimitives.cpp */,
				EA1FB3361A1CC6250023F3E3 /* CPrimitives.h */,
				EA57EBC61A41D5840043BC72 /* CBlending.cpp */,
				EA57EBC71A41D5840043BC72 /* CBlending.h */,
				EA57EBC91A41E4320043BC72 /* CSmoother.cpp */,
				EA57EBCA1A41E4320043BC72 /* CSmoother.h */,
				EAFDBD671A5AF6E100A4E6AA /* CMove.cpp */,
				EAFDBD681A5AF6E100A4E6AA /* CMove.h */,
				EABADF971A5BEBBD00C4A757 /* CObjects.cpp */,
				EABADF981A5BEBBD00C4A757 /* CObjects.h */,
				EA6F44351A5D9AED002E6A94 /* COrthoGraphic.cpp */,
				EA6F44361A5D9AED002E6A94 /* COrthoGraphic.h */,
				EAD578471A5E5B8F00394A3F /* CModelviewProjection.cpp */,
				EAD578481A5E5B8F00394A3F /* CModelviewProjection.h */,
				EAD5784C1A5E6C3200394A3F /* CSphereWorld.cpp */,
				EAD5784D1A5E6C3200394A3F /* CSphereWorld.h */,
				EA8529DC1A63AFD0001F97C9 /* CPyramid.cpp */,
				EA8529DD1A63AFD0001F97C9 /* CPyramid.h */,
				EA8DCDFA1A66406E009124A1 /* CTunnel.cpp */,
				EA8DCDFB1A66406E009124A1 /* CTunnel.h */,
				EA9C72701A6FA3F9005B4F93 /* CShadedTriangle.cpp */,
				EA9C72711A6FA3F9005B4F93 /* CShadedTriangle.h */,
				EA59CB0F1A7684F9001A19DA /* CLight.cpp */,
				EA59CB101A7684F9001A19DA /* CLight.h */,
			);
			name = Blue;
			sourceTree = "<group>";
		};
		EA5D243D1A6353F20023CF0C /* Resources */ = {
			isa = PBXGroup;
			children = (
				EA5D243E1A6353F20023CF0C /* stone.tga */,
			);
			path = Resources;
			sourceTree = "<group>";
		};
		EAA1CEE819FFD788006D42C3 = {
			isa = PBXGroup;
			children = (
				EA5D243D1A6353F20023CF0C /* Resources */,
				EAA1CEF319FFD788006D42C3 /* Classes */,
				EACED3061A02A0E80090C181 /* lib */,
				EAA1CEF219FFD788006D42C3 /* Products */,
			);
			sourceTree = "<group>";
		};
		EAA1CEF219FFD788006D42C3 /* Products */ = {
			isa = PBXGroup;
			children = (
				EAA1CEF119FFD788006D42C3 /* MacOpenGL.temp_caseinsensitive_rename */,
			);
			name = Products;
			sourceTree = "<group>";
		};
		EAA1CEF319FFD788006D42C3 /* Classes */ = {
			isa = PBXGroup;
			children = (
				EA5442E11A1062B3002AD2B3 /* Blue */,
				EACED3071A02A1820090C181 /* OpenGl */,
				EAA1CEF419FFD788006D42C3 /* main.cpp */,
				EAA1CEFB19FFD8AC006D42C3 /* TestAnimation.cpp */,
				EAA1CEFC19FFD8AC006D42C3 /* TestAnimation.h */,
				EAA1CEFD19FFD8AC006D42C3 /* TestLines.cpp */,
				EAA1CEFE19FFD8AC006D42C3 /* TestLines.h */,
				EAA1CEFF19FFD8AC006D42C3 /* TestVertexArray.cpp */,
				EAA1CF0019FFD8AC006D42C3 /* TestVertexArray.h */,
				EAD076001A08F49A00BAA734 /* TestPrimrestart.cpp */,
				EAD076011A08F49A00BAA734 /* TestPrimrestart.h */,
			);
			name = Classes;
			path = MacOpenGl;
			sourceTree = "<group>";
		};
		EACED3061A02A0E80090C181 /* lib */ = {
			isa = PBXGroup;
			children = (
				EA5442DC1A105D04002AD2B3 /* GLUT.framework */,
				EA5442DA1A105CF9002AD2B3 /* OpenGL.framework */,
				EA5442D81A105CD3002AD2B3 /* libGLTools.a */,
			);
			name = lib;
			sourceTree = "<group>";
		};
		EACED3071A02A1820090C181 /* OpenGl */ = {
			isa = PBXGroup;
			children = (
				EA1FB3381A1CCAF70023F3E3 /* COpenGLBase.cpp */,
				EA1FB3391A1CCAF70023F3E3 /* COpenGLBase.h */,
				EAC2A4DD1A39F0AF00B3B0E8 /* COpenGLFunc.cpp */,
				EAC2A4DE1A39F0AF00B3B0E8 /* COpenGLFunc.h */,
			);
			name = OpenGl;
			sourceTree = "<group>";
		};
/* End PBXGroup section */

/* Begin PBXNativeTarget section */
		EAA1CEF019FFD788006D42C3 /* MacOpenGL.temp_caseinsensitive_rename */ = {
			isa = PBXNativeTarget;
			buildConfigurationList = EAA1CEF819FFD788006D42C3 /* Build configuration list for PBXNativeTarget "MacOpenGL.temp_caseinsensitive_rename" */;
			buildPhases = (
				EAA1CEED19FFD788006D42C3 /* Sources */,
				EAA1CEEE19FFD788006D42C3 /* Frameworks */,
				EAA1CEEF19FFD788006D42C3 /* CopyFiles */,
				EA5D243C1A6353E10023CF0C /* Resources */,
			);
			buildRules = (
			);
			dependencies = (
			);
			name = MacOpenGL.temp_caseinsensitive_rename;
			productName = MacOpenGl;
			productReference = EAA1CEF119FFD788006D42C3 /* MacOpenGL.temp_caseinsensitive_rename */;
			productType = "com.apple.product-type.tool";
		};
/* End PBXNativeTarget section */

/* Begin PBXProject section */
		EAA1CEE919FFD788006D42C3 /* Project object */ = {
			isa = PBXProject;
			attributes = {
				LastUpgradeCheck = 0610;
				ORGANIZATIONNAME = gongxun;
				TargetAttributes = {
					EAA1CEF019FFD788006D42C3 = {
						CreatedOnToolsVersion = 6.1;
					};
				};
			};
			buildConfigurationList = EAA1CEEC19FFD788006D42C3 /* Build configuration list for PBXProject "MacOpenGL" */;
			compatibilityVersion = "Xcode 3.2";
			developmentRegion = English;
			hasScannedForEncodings = 0;
			knownRegions = (
				en,
			);
			mainGroup = EAA1CEE819FFD788006D42C3;
			productRefGroup = EAA1CEF219FFD788006D42C3 /* Products */;
			projectDirPath = "";
			projectRoot = "";
			targets = (
				EAA1CEF019FFD788006D42C3 /* MacOpenGL.temp_caseinsensitive_rename */,
			);
		};
/* End PBXProject section */

/* Begin PBXResourcesBuildPhase section */
		EA5D243C1A6353E10023CF0C /* Resources */ = {
			isa = PBXResourcesBuildPhase;
			buildActionMask = 2147483647;
			files = (
				EA5D243F1A6353F20023CF0C /* stone.tga in Resources */,
			);
			runOnlyForDeploymentPostprocessing = 0;
		};
/* End PBXResourcesBuildPhase section */

/* Begin PBXSourcesBuildPhase section */
		EAA1CEED19FFD788006D42C3 /* Sources */ = {
			isa = PBXSourcesBuildPhase;
			buildActionMask = 2147483647;
			files = (
				EABADF991A5BEBBD00C4A757 /* CObjects.cpp in Sources */,
				EAC2A4DF1A39F0AF00B3B0E8 /* COpenGLFunc.cpp in Sources */,
				EAA1CF0119FFD8AC006D42C3 /* TestAnimation.cpp in Sources */,
				EAD5784E1A5E6C3200394A3F /* CSphereWorld.cpp in Sources */,
				EAD076021A08F49A00BAA734 /* TestPrimrestart.cpp in Sources */,
				EAA1CF0319FFD8AC006D42C3 /* TestVertexArray.cpp in Sources */,
				EA59CB111A7684F9001A19DA /* CLight.cpp in Sources */,
				EAD578491A5E5B8F00394A3F /* CModelviewProjection.cpp in Sources */,
				EA1FB33A1A1CCAF70023F3E3 /* COpenGLBase.cpp in Sources */,
				EA1FB3371A1CC6250023F3E3 /* CPrimitives.cpp in Sources */,
				EA57EBC81A41D5840043BC72 /* CBlending.cpp in Sources */,
				EA5442E81A1062DB002AD2B3 /* Triangle.cpp in Sources */,
				EA8529DE1A63AFD0001F97C9 /* CPyramid.cpp in Sources */,
				EA6F44371A5D9AED002E6A94 /* COrthoGraphic.cpp in Sources */,
				EAFDBD691A5AF6E100A4E6AA /* CMove.cpp in Sources */,
				EA9C72721A6FA3F9005B4F93 /* CShadedTriangle.cpp in Sources */,
				EAA1CF0219FFD8AC006D42C3 /* TestLines.cpp in Sources */,
				EAA1CEF519FFD788006D42C3 /* main.cpp in Sources */,
				EA57EBCB1A41E4320043BC72 /* CSmoother.cpp in Sources */,
				EA8DCDFC1A66406E009124A1 /* CTunnel.cpp in Sources */,
			);
			runOnlyForDeploymentPostprocessing = 0;
		};
/* End PBXSourcesBuildPhase section */

/* Begin XCBuildConfiguration section */
		EAA1CEF619FFD788006D42C3 /* Debug */ = {
			isa = XCBuildConfiguration;
			buildSettings = {
				ALWAYS_SEARCH_USER_PATHS = NO;
				CLANG_CXX_LANGUAGE_STANDARD = "gnu++0x";
				CLANG_CXX_LIBRARY = "libc++";
				CLANG_ENABLE_MODULES = YES;
				CLANG_ENABLE_OBJC_ARC = YES;
				CLANG_WARN_BOOL_CONVERSION = YES;
				CLANG_WARN_CONSTANT_CONVERSION = YES;
				CLANG_WARN_DIRECT_OBJC_ISA_USAGE = YES_ERROR;
				CLANG_WARN_EMPTY_BODY = YES;
				CLANG_WARN_ENUM_CONVERSION = YES;
				CLANG_WARN_INT_CONVERSION = YES;
				CLANG_WARN_OBJC_ROOT_CLASS = YES_ERROR;
				CLANG_WARN_UNREACHABLE_CODE = YES;
				CLANG_WARN__DUPLICATE_METHOD_MATCH = YES;
				COPY_PHASE_STRIP = NO;
				ENABLE_STRICT_OBJC_MSGSEND = YES;
				GCC_C_LANGUAGE_STANDARD = gnu99;
				GCC_DYNAMIC_NO_PIC = NO;
				GCC_OPTIMIZATION_LEVEL = 0;
				GCC_PREPROCESSOR_DEFINITIONS = (
					"DEBUG=1",
					"$(inherited)",
				);
				GCC_SYMBOLS_PRIVATE_EXTERN = NO;
				GCC_WARN_64_TO_32_BIT_CONVERSION = YES;
				GCC_WARN_ABOUT_RETURN_TYPE = YES_ERROR;
				GCC_WARN_UNDECLARED_SELECTOR = YES;
				GCC_WARN_UNINITIALIZED_AUTOS = YES_AGGRESSIVE;
				GCC_WARN_UNUSED_FUNCTION = YES;
				GCC_WARN_UNUSED_VARIABLE = YES;
				MACOSX_DEPLOYMENT_TARGET = 10.10;
				MTL_ENABLE_DEBUG_INFO = YES;
				ONLY_ACTIVE_ARCH = YES;
				SDKROOT = macosx;
			};
			name = Debug;
		};
		EAA1CEF719FFD788006D42C3 /* Release */ = {
			isa = XCBuildConfiguration;
			buildSettings = {
				ALWAYS_SEARCH_USER_PATHS = NO;
				CLANG_CXX_LANGUAGE_STANDARD = "gnu++0x";
				CLANG_CXX_LIBRARY = "libc++";
				CLANG_ENABLE_MODULES = YES;
				CLANG_ENABLE_OBJC_ARC = YES;
				CLANG_WARN_BOOL_CONVERSION = YES;
				CLANG_WARN_CONSTANT_CONVERSION = YES;
				CLANG_WARN_DIRECT_OBJC_ISA_USAGE = YES_ERROR;
				CLANG_WARN_EMPTY_BODY = YES;
				CLANG_WARN_ENUM_CONVERSION = YES;
				CLANG_WARN_INT_CONVERSION = YES;
				CLANG_WARN_OBJC_ROOT_CLASS = YES_ERROR;
				CLANG_WARN_UNREACHABLE_CODE = YES;
				CLANG_WARN__DUPLICATE_METHOD_MATCH = YES;
				COPY_PHASE_STRIP = YES;
				DEBUG_INFORMATION_FORMAT = "dwarf-with-dsym";
				ENABLE_NS_ASSERTIONS = NO;
				ENABLE_STRICT_OBJC_MSGSEND = YES;
				GCC_C_LANGUAGE_STANDARD = gnu99;
				GCC_WARN_64_TO_32_BIT_CONVERSION = YES;
				GCC_WARN_ABOUT_RETURN_TYPE = YES_ERROR;
				GCC_WARN_UNDECLARED_SELECTOR = YES;
				GCC_WARN_UNINITIALIZED_AUTOS = YES_AGGRESSIVE;
				GCC_WARN_UNUSED_FUNCTION = YES;
				GCC_WARN_UNUSED_VARIABLE = YES;
				MACOSX_DEPLOYMENT_TARGET = 10.10;
				MTL_ENABLE_DEBUG_INFO = NO;
				SDKROOT = macosx;
			};
			name = Release;
		};
		EAA1CEF919FFD788006D42C3 /* Debug */ = {
			isa = XCBuildConfiguration;
			buildSettings = {
				HEADER_SEARCH_PATHS = (
					"$(inherited)",
					/Applications/Xcode.app/Contents/Developer/Toolchains/XcodeDefault.xctoolchain/usr/include,
					/Users/gongxun/Documents/work/oglsuperbible5/Src/GLTools/include,
				);
				LIBRARY_SEARCH_PATHS = (
					"$(inherited)",
					/Users/gongxun/Documents/work/oglsuperbible5/XCode/GLTools,
				);
				PRODUCT_NAME = MacOpenGL.temp_caseinsensitive_rename;
			};
			name = Debug;
		};
		EAA1CEFA19FFD788006D42C3 /* Release */ = {
			isa = XCBuildConfiguration;
			buildSettings = {
				HEADER_SEARCH_PATHS = (
					"$(inherited)",
					/Applications/Xcode.app/Contents/Developer/Toolchains/XcodeDefault.xctoolchain/usr/include,
					/Users/gongxun/Documents/work/oglsuperbible5/Src/GLTools/include,
				);
				LIBRARY_SEARCH_PATHS = (
					"$(inherited)",
					/Users/gongxun/Documents/work/oglsuperbible5/XCode/GLTools,
				);
				PRODUCT_NAME = MacOpenGL.temp_caseinsensitive_rename;
			};
			name = Release;
		};
/* End XCBuildConfiguration section */

/* Begin XCConfigurationList section */
		EAA1CEEC19FFD788006D42C3 /* Build configuration list for PBXProject "MacOpenGL" */ = {
			isa = XCConfigurationList;
			buildConfigurations = (
				EAA1CEF619FFD788006D42C3 /* Debug */,
				EAA1CEF719FFD788006D42C3 /* Release */,
			);
			defaultConfigurationIsVisible = 0;
			defaultConfigurationName = Release;
		};
		EAA1CEF819FFD788006D42C3 /* Build configuration list for PBXNativeTarget "MacOpenGL.temp_caseinsensitive_rename" */ = {
			isa = XCConfigurationList;
			buildConfigurations = (
				EAA1CEF919FFD788006D42C3 /* Debug */,
				EAA1CEFA19FFD788006D42C3 /* Release */,
			);
			defaultConfigurationIsVisible = 0;
			defaultConfigurationName = Release;
		};
/* End XCConfigurationList section */
	};
	rootObject = EAA1CEE919FFD788006D42C3 /* Project object */;
}
